// !$*UTF8*$!
{
	archiveVersion = 1;
	classes = {
	};
	objectVersion = 56;
	objects = {

/* Begin PBXBuildFile section */
		1B47E13D2A944529005C036F /* AuthorizationButton.swift in Sources */ = {isa = PBXBuildFile; fileRef = 1B47E13C2A944529005C036F /* AuthorizationButton.swift */; };
		1B47E13F2A944938005C036F /* Colors.xcassets in Resources */ = {isa = PBXBuildFile; fileRef = 1B47E13E2A944938005C036F /* Colors.xcassets */; };
		8D1E60AD2A932F4200952196 /* AuthManager.swift in Sources */ = {isa = PBXBuildFile; fileRef = 8D1E60AC2A932F4200952196 /* AuthManager.swift */; };
		8D1E60B02A932FC300952196 /* GoogleSignIn in Frameworks */ = {isa = PBXBuildFile; productRef = 8D1E60AF2A932FC300952196 /* GoogleSignIn */; };
		8D1E60B22A932FC300952196 /* GoogleSignInSwift in Frameworks */ = {isa = PBXBuildFile; productRef = 8D1E60B12A932FC300952196 /* GoogleSignInSwift */; };
		8D1E60B42A93317800952196 /* UIApplication+Extensions.swift in Sources */ = {isa = PBXBuildFile; fileRef = 8D1E60B32A93317700952196 /* UIApplication+Extensions.swift */; };
		8D1E60B62A93342400952196 /* SignInView.swift in Sources */ = {isa = PBXBuildFile; fileRef = 8D1E60B52A93342400952196 /* SignInView.swift */; };
		8D1E60BA2A93467800952196 /* InfoPlist.strings in Resources */ = {isa = PBXBuildFile; fileRef = 8D1E60B92A93467800952196 /* InfoPlist.strings */; };
		8D5F12552A93209500ACDAC4 /* LivePixelApp.swift in Sources */ = {isa = PBXBuildFile; fileRef = 8D5F12542A93209500ACDAC4 /* LivePixelApp.swift */; };
		8D5F12572A93209500ACDAC4 /* ContentView.swift in Sources */ = {isa = PBXBuildFile; fileRef = 8D5F12562A93209500ACDAC4 /* ContentView.swift */; };
		8D5F12592A93209900ACDAC4 /* Assets.xcassets in Resources */ = {isa = PBXBuildFile; fileRef = 8D5F12582A93209900ACDAC4 /* Assets.xcassets */; };
		8D5F125C2A93209900ACDAC4 /* Preview Assets.xcassets in Resources */ = {isa = PBXBuildFile; fileRef = 8D5F125B2A93209900ACDAC4 /* Preview Assets.xcassets */; };
		8D5F12652A93240100ACDAC4 /* CanvasModel.swift in Sources */ = {isa = PBXBuildFile; fileRef = 8D5F12642A93240100ACDAC4 /* CanvasModel.swift */; };
		8D5F12672A93244B00ACDAC4 /* DoteModel.swift in Sources */ = {isa = PBXBuildFile; fileRef = 8D5F12662A93244B00ACDAC4 /* DoteModel.swift */; };
		8D5F126A2A9324E200ACDAC4 /* Stack.swift in Sources */ = {isa = PBXBuildFile; fileRef = 8D5F12692A9324E200ACDAC4 /* Stack.swift */; };
		8D5F126C2A93264A00ACDAC4 /* GoogleService-Info.plist in Resources */ = {isa = PBXBuildFile; fileRef = 8D5F126B2A93264A00ACDAC4 /* GoogleService-Info.plist */; };
		8D5F126F2A9328C200ACDAC4 /* FirebaseAnalytics in Frameworks */ = {isa = PBXBuildFile; productRef = 8D5F126E2A9328C200ACDAC4 /* FirebaseAnalytics */; };
		8D5F12712A9328C200ACDAC4 /* FirebaseAuth in Frameworks */ = {isa = PBXBuildFile; productRef = 8D5F12702A9328C200ACDAC4 /* FirebaseAuth */; };
		8D5F12732A9328C200ACDAC4 /* FirebaseCrashlytics in Frameworks */ = {isa = PBXBuildFile; productRef = 8D5F12722A9328C200ACDAC4 /* FirebaseCrashlytics */; };
		8D5F12752A9328C200ACDAC4 /* FirebaseDatabase in Frameworks */ = {isa = PBXBuildFile; productRef = 8D5F12742A9328C200ACDAC4 /* FirebaseDatabase */; };
		8D5F12772A9328C200ACDAC4 /* FirebaseDatabaseSwift in Frameworks */ = {isa = PBXBuildFile; productRef = 8D5F12762A9328C200ACDAC4 /* FirebaseDatabaseSwift */; };
		8D5F12792A9328C200ACDAC4 /* FirebaseStorage in Frameworks */ = {isa = PBXBuildFile; productRef = 8D5F12782A9328C200ACDAC4 /* FirebaseStorage */; };
/* End PBXBuildFile section */

/* Begin PBXFileReference section */
		1B47E13C2A944529005C036F /* AuthorizationButton.swift */ = {isa = PBXFileReference; fileEncoding = 4; lastKnownFileType = sourcecode.swift; path = AuthorizationButton.swift; sourceTree = "<group>"; };
		1B47E13E2A944938005C036F /* Colors.xcassets */ = {isa = PBXFileReference; lastKnownFileType = folder.assetcatalog; path = Colors.xcassets; sourceTree = "<group>"; };
		8D1E60AC2A932F4200952196 /* AuthManager.swift */ = {isa = PBXFileReference; fileEncoding = 4; lastKnownFileType = sourcecode.swift; path = AuthManager.swift; sourceTree = "<group>"; };
		8D1E60B32A93317700952196 /* UIApplication+Extensions.swift */ = {isa = PBXFileReference; fileEncoding = 4; lastKnownFileType = sourcecode.swift; path = "UIApplication+Extensions.swift"; sourceTree = "<group>"; };
		8D1E60B52A93342400952196 /* SignInView.swift */ = {isa = PBXFileReference; lastKnownFileType = sourcecode.swift; path = SignInView.swift; sourceTree = "<group>"; };
		8D1E60B82A9338A300952196 /* Info.plist */ = {isa = PBXFileReference; lastKnownFileType = text.plist; path = Info.plist; sourceTree = "<group>"; };
		8D1E60B92A93467800952196 /* InfoPlist.strings */ = {isa = PBXFileReference; lastKnownFileType = text.plist.strings; path = InfoPlist.strings; sourceTree = "<group>"; };
		8D5F12512A93209500ACDAC4 /* LivePixel.app */ = {isa = PBXFileReference; explicitFileType = wrapper.application; includeInIndex = 0; path = LivePixel.app; sourceTree = BUILT_PRODUCTS_DIR; };
		8D5F12542A93209500ACDAC4 /* LivePixelApp.swift */ = {isa = PBXFileReference; lastKnownFileType = sourcecode.swift; path = LivePixelApp.swift; sourceTree = "<group>"; };
		8D5F12562A93209500ACDAC4 /* ContentView.swift */ = {isa = PBXFileReference; lastKnownFileType = sourcecode.swift; path = ContentView.swift; sourceTree = "<group>"; };
		8D5F12582A93209900ACDAC4 /* Assets.xcassets */ = {isa = PBXFileReference; lastKnownFileType = folder.assetcatalog; path = Assets.xcassets; sourceTree = "<group>"; };
		8D5F125B2A93209900ACDAC4 /* Preview Assets.xcassets */ = {isa = PBXFileReference; lastKnownFileType = folder.assetcatalog; path = "Preview Assets.xcassets"; sourceTree = "<group>"; };
		8D5F12622A9323C800ACDAC4 /* LivePixel.entitlements */ = {isa = PBXFileReference; lastKnownFileType = text.plist.entitlements; path = LivePixel.entitlements; sourceTree = "<group>"; };
		8D5F12642A93240100ACDAC4 /* CanvasModel.swift */ = {isa = PBXFileReference; lastKnownFileType = sourcecode.swift; path = CanvasModel.swift; sourceTree = "<group>"; };
		8D5F12662A93244B00ACDAC4 /* DoteModel.swift */ = {isa = PBXFileReference; lastKnownFileType = sourcecode.swift; path = DoteModel.swift; sourceTree = "<group>"; };
		8D5F12692A9324E200ACDAC4 /* Stack.swift */ = {isa = PBXFileReference; lastKnownFileType = sourcecode.swift; path = Stack.swift; sourceTree = "<group>"; };
		8D5F126B2A93264A00ACDAC4 /* GoogleService-Info.plist */ = {isa = PBXFileReference; fileEncoding = 4; lastKnownFileType = text.plist.xml; path = "GoogleService-Info.plist"; sourceTree = "<group>"; };
/* End PBXFileReference section */

/* Begin PBXFrameworksBuildPhase section */
		8D5F124E2A93209500ACDAC4 /* Frameworks */ = {
			isa = PBXFrameworksBuildPhase;
			buildActionMask = 2147483647;
			files = (
				8D5F12772A9328C200ACDAC4 /* FirebaseDatabaseSwift in Frameworks */,
				8D5F12732A9328C200ACDAC4 /* FirebaseCrashlytics in Frameworks */,
				8D5F126F2A9328C200ACDAC4 /* FirebaseAnalytics in Frameworks */,
				8D1E60B22A932FC300952196 /* GoogleSignInSwift in Frameworks */,
				8D5F12752A9328C200ACDAC4 /* FirebaseDatabase in Frameworks */,
				8D5F12712A9328C200ACDAC4 /* FirebaseAuth in Frameworks */,
				8D5F12792A9328C200ACDAC4 /* FirebaseStorage in Frameworks */,
				8D1E60B02A932FC300952196 /* GoogleSignIn in Frameworks */,
			);
			runOnlyForDeploymentPostprocessing = 0;
		};
/* End PBXFrameworksBuildPhase section */

/* Begin PBXGroup section */
		8D5F12482A93209500ACDAC4 = {
			isa = PBXGroup;
			children = (
				8D5F12532A93209500ACDAC4 /* LivePixel */,
				8D5F12522A93209500ACDAC4 /* Products */,
			);
			sourceTree = "<group>";
		};
		8D5F12522A93209500ACDAC4 /* Products */ = {
			isa = PBXGroup;
			children = (
				8D5F12512A93209500ACDAC4 /* LivePixel.app */,
			);
			name = Products;
			sourceTree = "<group>";
		};
		8D5F12532A93209500ACDAC4 /* LivePixel */ = {
			isa = PBXGroup;
			children = (
				8D1E60B82A9338A300952196 /* Info.plist */,
				8D5F12682A93249C00ACDAC4 /* Extensions */,
				8D5F12632A9323EC00ACDAC4 /* Models */,
				8D5F12622A9323C800ACDAC4 /* LivePixel.entitlements */,
				8D5F12542A93209500ACDAC4 /* LivePixelApp.swift */,
				8D5F12562A93209500ACDAC4 /* ContentView.swift */,
				1B47E13C2A944529005C036F /* AuthorizationButton.swift */,
				8D1E60B52A93342400952196 /* SignInView.swift */,
				8D5F12582A93209900ACDAC4 /* Assets.xcassets */,
				1B47E13E2A944938005C036F /* Colors.xcassets */,
				8D5F126B2A93264A00ACDAC4 /* GoogleService-Info.plist */,
				8D5F125A2A93209900ACDAC4 /* Preview Content */,
				8D1E60AC2A932F4200952196 /* AuthManager.swift */,
				8D5F12692A9324E200ACDAC4 /* Stack.swift */,
				8D1E60B92A93467800952196 /* InfoPlist.strings */,
			);
			path = LivePixel;
			sourceTree = "<group>";
		};
		8D5F125A2A93209900ACDAC4 /* Preview Content */ = {
			isa = PBXGroup;
			children = (
				8D5F125B2A93209900ACDAC4 /* Preview Assets.xcassets */,
			);
			path = "Preview Content";
			sourceTree = "<group>";
		};
		8D5F12632A9323EC00ACDAC4 /* Models */ = {
			isa = PBXGroup;
			children = (
				8D5F12642A93240100ACDAC4 /* CanvasModel.swift */,
				8D5F12662A93244B00ACDAC4 /* DoteModel.swift */,
			);
			path = Models;
			sourceTree = "<group>";
		};
		8D5F12682A93249C00ACDAC4 /* Extensions */ = {
			isa = PBXGroup;
			children = (
				8D1E60B32A93317700952196 /* UIApplication+Extensions.swift */,
			);
			path = Extensions;
			sourceTree = "<group>";
		};
/* End PBXGroup section */

/* Begin PBXNativeTarget section */
		8D5F12502A93209500ACDAC4 /* LivePixel */ = {
			isa = PBXNativeTarget;
			buildConfigurationList = 8D5F125F2A93209900ACDAC4 /* Build configuration list for PBXNativeTarget "LivePixel" */;
			buildPhases = (
				8D5F124D2A93209500ACDAC4 /* Sources */,
				8D5F124E2A93209500ACDAC4 /* Frameworks */,
				8D5F124F2A93209500ACDAC4 /* Resources */,
				8D1E60B72A93363700952196 /* ShellScript */,
			);
			buildRules = (
			);
			dependencies = (
			);
			name = LivePixel;
			packageProductDependencies = (
				8D5F126E2A9328C200ACDAC4 /* FirebaseAnalytics */,
				8D5F12702A9328C200ACDAC4 /* FirebaseAuth */,
				8D5F12722A9328C200ACDAC4 /* FirebaseCrashlytics */,
				8D5F12742A9328C200ACDAC4 /* FirebaseDatabase */,
				8D5F12762A9328C200ACDAC4 /* FirebaseDatabaseSwift */,
				8D5F12782A9328C200ACDAC4 /* FirebaseStorage */,
				8D1E60AF2A932FC300952196 /* GoogleSignIn */,
				8D1E60B12A932FC300952196 /* GoogleSignInSwift */,
			);
			productName = LivePixel;
			productReference = 8D5F12512A93209500ACDAC4 /* LivePixel.app */;
			productType = "com.apple.product-type.application";
		};
/* End PBXNativeTarget section */

/* Begin PBXProject section */
		8D5F12492A93209500ACDAC4 /* Project object */ = {
			isa = PBXProject;
			attributes = {
				BuildIndependentTargetsInParallel = 1;
				LastSwiftUpdateCheck = 1420;
				LastUpgradeCheck = 1420;
				TargetAttributes = {
					8D5F12502A93209500ACDAC4 = {
						CreatedOnToolsVersion = 14.2;
					};
				};
			};
			buildConfigurationList = 8D5F124C2A93209500ACDAC4 /* Build configuration list for PBXProject "LivePixel" */;
			compatibilityVersion = "Xcode 14.0";
			developmentRegion = en;
			hasScannedForEncodings = 0;
			knownRegions = (
				en,
				Base,
			);
			mainGroup = 8D5F12482A93209500ACDAC4;
			packageReferences = (
				8D5F126D2A9328C100ACDAC4 /* XCRemoteSwiftPackageReference "firebase-ios-sdk" */,
				8D1E60AE2A932FC300952196 /* XCRemoteSwiftPackageReference "GoogleSignIn-iOS" */,
			);
			productRefGroup = 8D5F12522A93209500ACDAC4 /* Products */;
			projectDirPath = "";
			projectRoot = "";
			targets = (
				8D5F12502A93209500ACDAC4 /* LivePixel */,
			);
		};
/* End PBXProject section */

/* Begin PBXResourcesBuildPhase section */
		8D5F124F2A93209500ACDAC4 /* Resources */ = {
			isa = PBXResourcesBuildPhase;
			buildActionMask = 2147483647;
			files = (
				1B47E13F2A944938005C036F /* Colors.xcassets in Resources */,
				8D5F125C2A93209900ACDAC4 /* Preview Assets.xcassets in Resources */,
				8D1E60BA2A93467800952196 /* InfoPlist.strings in Resources */,
				8D5F12592A93209900ACDAC4 /* Assets.xcassets in Resources */,
				8D5F126C2A93264A00ACDAC4 /* GoogleService-Info.plist in Resources */,
			);
			runOnlyForDeploymentPostprocessing = 0;
		};
/* End PBXResourcesBuildPhase section */

/* Begin PBXShellScriptBuildPhase section */
		8D1E60B72A93363700952196 /* ShellScript */ = {
			isa = PBXShellScriptBuildPhase;
			buildActionMask = 2147483647;
			files = (
			);
			inputFileListPaths = (
			);
			inputPaths = (
				"${DWARF_DSYM_FOLDER_PATH}/${DWARF_DSYM_FILE_NAME}/Contents/Resources/DWARF/${TARGET_NAME}",
				"$(SRCROOT)/$(BUILT_PRODUCTS_DIR)/$(INFOPLIST_PATH)",
			);
			outputFileListPaths = (
			);
			outputPaths = (
			);
			runOnlyForDeploymentPostprocessing = 0;
			shellPath = /bin/sh;
			shellScript = "# Type a script or drag a script file from your workspace to insert its path.\n\"${BUILD_DIR%/Build/*}/SourcePackages/checkouts/firebase-ios-sdk/Crashlytics/run\"\n";
		};
/* End PBXShellScriptBuildPhase section */

/* Begin PBXSourcesBuildPhase section */
		8D5F124D2A93209500ACDAC4 /* Sources */ = {
			isa = PBXSourcesBuildPhase;
			buildActionMask = 2147483647;
			files = (
				8D1E60B42A93317800952196 /* UIApplication+Extensions.swift in Sources */,
				8D5F12572A93209500ACDAC4 /* ContentView.swift in Sources */,
				8D1E60AD2A932F4200952196 /* AuthManager.swift in Sources */,
				8D5F126A2A9324E200ACDAC4 /* Stack.swift in Sources */,
				8D5F12552A93209500ACDAC4 /* LivePixelApp.swift in Sources */,
				8D5F12652A93240100ACDAC4 /* CanvasModel.swift in Sources */,
				8D1E60B62A93342400952196 /* SignInView.swift in Sources */,
				1B47E13D2A944529005C036F /* AuthorizationButton.swift in Sources */,
				8D5F12672A93244B00ACDAC4 /* DoteModel.swift in Sources */,
			);
			runOnlyForDeploymentPostprocessing = 0;
		};
/* End PBXSourcesBuildPhase section */

/* Begin XCBuildConfiguration section */
		8D5F125D2A93209900ACDAC4 /* Debug */ = {
			isa = XCBuildConfiguration;
			buildSettings = {
				ALWAYS_SEARCH_USER_PATHS = NO;
				CLANG_ANALYZER_NONNULL = YES;
				CLANG_ANALYZER_NUMBER_OBJECT_CONVERSION = YES_AGGRESSIVE;
				CLANG_CXX_LANGUAGE_STANDARD = "gnu++20";
				CLANG_ENABLE_MODULES = YES;
				CLANG_ENABLE_OBJC_ARC = YES;
				CLANG_ENABLE_OBJC_WEAK = YES;
				CLANG_WARN_BLOCK_CAPTURE_AUTORELEASING = YES;
				CLANG_WARN_BOOL_CONVERSION = YES;
				CLANG_WARN_COMMA = YES;
				CLANG_WARN_CONSTANT_CONVERSION = YES;
				CLANG_WARN_DEPRECATED_OBJC_IMPLEMENTATIONS = YES;
				CLANG_WARN_DIRECT_OBJC_ISA_USAGE = YES_ERROR;
				CLANG_WARN_DOCUMENTATION_COMMENTS = YES;
				CLANG_WARN_EMPTY_BODY = YES;
				CLANG_WARN_ENUM_CONVERSION = YES;
				CLANG_WARN_INFINITE_RECURSION = YES;
				CLANG_WARN_INT_CONVERSION = YES;
				CLANG_WARN_NON_LITERAL_NULL_CONVERSION = YES;
				CLANG_WARN_OBJC_IMPLICIT_RETAIN_SELF = YES;
				CLANG_WARN_OBJC_LITERAL_CONVERSION = YES;
				CLANG_WARN_OBJC_ROOT_CLASS = YES_ERROR;
				CLANG_WARN_QUOTED_INCLUDE_IN_FRAMEWORK_HEADER = YES;
				CLANG_WARN_RANGE_LOOP_ANALYSIS = YES;
				CLANG_WARN_STRICT_PROTOTYPES = YES;
				CLANG_WARN_SUSPICIOUS_MOVE = YES;
				CLANG_WARN_UNGUARDED_AVAILABILITY = YES_AGGRESSIVE;
				CLANG_WARN_UNREACHABLE_CODE = YES;
				CLANG_WARN__DUPLICATE_METHOD_MATCH = YES;
				COPY_PHASE_STRIP = NO;
				DEBUG_INFORMATION_FORMAT = dwarf;
				ENABLE_STRICT_OBJC_MSGSEND = YES;
				ENABLE_TESTABILITY = YES;
				GCC_C_LANGUAGE_STANDARD = gnu11;
				GCC_DYNAMIC_NO_PIC = NO;
				GCC_NO_COMMON_BLOCKS = YES;
				GCC_OPTIMIZATION_LEVEL = 0;
				GCC_PREPROCESSOR_DEFINITIONS = (
					"DEBUG=1",
					"$(inherited)",
				);
				GCC_WARN_64_TO_32_BIT_CONVERSION = YES;
				GCC_WARN_ABOUT_RETURN_TYPE = YES_ERROR;
				GCC_WARN_UNDECLARED_SELECTOR = YES;
				GCC_WARN_UNINITIALIZED_AUTOS = YES_AGGRESSIVE;
				GCC_WARN_UNUSED_FUNCTION = YES;
				GCC_WARN_UNUSED_VARIABLE = YES;
				IPHONEOS_DEPLOYMENT_TARGET = 15.0;
				MTL_ENABLE_DEBUG_INFO = INCLUDE_SOURCE;
				MTL_FAST_MATH = YES;
				ONLY_ACTIVE_ARCH = YES;
				SDKROOT = iphoneos;
				SWIFT_ACTIVE_COMPILATION_CONDITIONS = DEBUG;
				SWIFT_OPTIMIZATION_LEVEL = "-Onone";
			};
			name = Debug;
		};
		8D5F125E2A93209900ACDAC4 /* Release */ = {
			isa = XCBuildConfiguration;
			buildSettings = {
				ALWAYS_SEARCH_USER_PATHS = NO;
				CLANG_ANALYZER_NONNULL = YES;
				CLANG_ANALYZER_NUMBER_OBJECT_CONVERSION = YES_AGGRESSIVE;
				CLANG_CXX_LANGUAGE_STANDARD = "gnu++20";
				CLANG_ENABLE_MODULES = YES;
				CLANG_ENABLE_OBJC_ARC = YES;
				CLANG_ENABLE_OBJC_WEAK = YES;
				CLANG_WARN_BLOCK_CAPTURE_AUTORELEASING = YES;
				CLANG_WARN_BOOL_CONVERSION = YES;
				CLANG_WARN_COMMA = YES;
				CLANG_WARN_CONSTANT_CONVERSION = YES;
				CLANG_WARN_DEPRECATED_OBJC_IMPLEMENTATIONS = YES;
				CLANG_WARN_DIRECT_OBJC_ISA_USAGE = YES_ERROR;
				CLANG_WARN_DOCUMENTATION_COMMENTS = YES;
				CLANG_WARN_EMPTY_BODY = YES;
				CLANG_WARN_ENUM_CONVERSION = YES;
				CLANG_WARN_INFINITE_RECURSION = YES;
				CLANG_WARN_INT_CONVERSION = YES;
				CLANG_WARN_NON_LITERAL_NULL_CONVERSION = YES;
				CLANG_WARN_OBJC_IMPLICIT_RETAIN_SELF = YES;
				CLANG_WARN_OBJC_LITERAL_CONVERSION = YES;
				CLANG_WARN_OBJC_ROOT_CLASS = YES_ERROR;
				CLANG_WARN_QUOTED_INCLUDE_IN_FRAMEWORK_HEADER = YES;
				CLANG_WARN_RANGE_LOOP_ANALYSIS = YES;
				CLANG_WARN_STRICT_PROTOTYPES = YES;
				CLANG_WARN_SUSPICIOUS_MOVE = YES;
				CLANG_WARN_UNGUARDED_AVAILABILITY = YES_AGGRESSIVE;
				CLANG_WARN_UNREACHABLE_CODE = YES;
				CLANG_WARN__DUPLICATE_METHOD_MATCH = YES;
				COPY_PHASE_STRIP = NO;
				DEBUG_INFORMATION_FORMAT = "dwarf-with-dsym";
				ENABLE_NS_ASSERTIONS = NO;
				ENABLE_STRICT_OBJC_MSGSEND = YES;
				GCC_C_LANGUAGE_STANDARD = gnu11;
				GCC_NO_COMMON_BLOCKS = YES;
				GCC_WARN_64_TO_32_BIT_CONVERSION = YES;
				GCC_WARN_ABOUT_RETURN_TYPE = YES_ERROR;
				GCC_WARN_UNDECLARED_SELECTOR = YES;
				GCC_WARN_UNINITIALIZED_AUTOS = YES_AGGRESSIVE;
				GCC_WARN_UNUSED_FUNCTION = YES;
				GCC_WARN_UNUSED_VARIABLE = YES;
				IPHONEOS_DEPLOYMENT_TARGET = 15.0;
				MTL_ENABLE_DEBUG_INFO = NO;
				MTL_FAST_MATH = YES;
				SDKROOT = iphoneos;
				SWIFT_COMPILATION_MODE = wholemodule;
				SWIFT_OPTIMIZATION_LEVEL = "-O";
				VALIDATE_PRODUCT = YES;
			};
			name = Release;
		};
		8D5F12602A93209900ACDAC4 /* Debug */ = {
			isa = XCBuildConfiguration;
			buildSettings = {
				ASSETCATALOG_COMPILER_APPICON_NAME = AppIcon;
				ASSETCATALOG_COMPILER_GLOBAL_ACCENT_COLOR_NAME = AccentColor;
				CODE_SIGN_ENTITLEMENTS = LivePixel/LivePixel.entitlements;
				CODE_SIGN_STYLE = Automatic;
				CURRENT_PROJECT_VERSION = 1;
				DEBUG_INFORMATION_FORMAT = "dwarf-with-dsym";
				DEVELOPMENT_ASSET_PATHS = "\"LivePixel/Preview Content\"";
				DEVELOPMENT_TEAM = QU9EPTU238;
				ENABLE_PREVIEWS = YES;
				GENERATE_INFOPLIST_FILE = YES;
				INFOPLIST_FILE = LivePixel/Info.plist;
				INFOPLIST_KEY_UIApplicationSceneManifest_Generation = YES;
				INFOPLIST_KEY_UIApplicationSupportsIndirectInputEvents = YES;
				INFOPLIST_KEY_UILaunchScreen_Generation = YES;
				INFOPLIST_KEY_UISupportedInterfaceOrientations_iPad = "UIInterfaceOrientationPortrait UIInterfaceOrientationPortraitUpsideDown UIInterfaceOrientationLandscapeLeft UIInterfaceOrientationLandscapeRight";
				INFOPLIST_KEY_UISupportedInterfaceOrientations_iPhone = "UIInterfaceOrientationPortrait UIInterfaceOrientationLandscapeLeft UIInterfaceOrientationLandscapeRight";
				LD_RUNPATH_SEARCH_PATHS = (
					"$(inherited)",
					"@executable_path/Frameworks",
				);
				MARKETING_VERSION = 1.0;
				PRODUCT_BUNDLE_IDENTIFIER = net.kongbaguni.LivePixel;
				PRODUCT_NAME = "$(TARGET_NAME)";
				SWIFT_EMIT_LOC_STRINGS = YES;
				SWIFT_VERSION = 5.0;
				TARGETED_DEVICE_FAMILY = "1,2";
			};
			name = Debug;
		};
		8D5F12612A93209900ACDAC4 /* Release */ = {
			isa = XCBuildConfiguration;
			buildSettings = {
				ASSETCATALOG_COMPILER_APPICON_NAME = AppIcon;
				ASSETCATALOG_COMPILER_GLOBAL_ACCENT_COLOR_NAME = AccentColor;
				CODE_SIGN_ENTITLEMENTS = LivePixel/LivePixel.entitlements;
				CODE_SIGN_STYLE = Automatic;
				CURRENT_PROJECT_VERSION = 1;
				DEVELOPMENT_ASSET_PATHS = "\"LivePixel/Preview Content\"";
				DEVELOPMENT_TEAM = QU9EPTU238;
				ENABLE_PREVIEWS = YES;
				GENERATE_INFOPLIST_FILE = YES;
				INFOPLIST_FILE = LivePixel/Info.plist;
				INFOPLIST_KEY_UIApplicationSceneManifest_Generation = YES;
				INFOPLIST_KEY_UIApplicationSupportsIndirectInputEvents = YES;
				INFOPLIST_KEY_UILaunchScreen_Generation = YES;
				INFOPLIST_KEY_UISupportedInterfaceOrientations_iPad = "UIInterfaceOrientationPortrait UIInterfaceOrientationPortraitUpsideDown UIInterfaceOrientationLandscapeLeft UIInterfaceOrientationLandscapeRight";
				INFOPLIST_KEY_UISupportedInterfaceOrientations_iPhone = "UIInterfaceOrientationPortrait UIInterfaceOrientationLandscapeLeft UIInterfaceOrientationLandscapeRight";
				LD_RUNPATH_SEARCH_PATHS = (
					"$(inherited)",
					"@executable_path/Frameworks",
				);
				MARKETING_VERSION = 1.0;
				PRODUCT_BUNDLE_IDENTIFIER = net.kongbaguni.LivePixel;
				PRODUCT_NAME = "$(TARGET_NAME)";
				SWIFT_EMIT_LOC_STRINGS = YES;
				SWIFT_VERSION = 5.0;
				TARGETED_DEVICE_FAMILY = "1,2";
			};
			name = Release;
		};
/* End XCBuildConfiguration section */

/* Begin XCConfigurationList section */
		8D5F124C2A93209500ACDAC4 /* Build configuration list for PBXProject "LivePixel" */ = {
			isa = XCConfigurationList;
			buildConfigurations = (
				8D5F125D2A93209900ACDAC4 /* Debug */,
				8D5F125E2A93209900ACDAC4 /* Release */,
			);
			defaultConfigurationIsVisible = 0;
			defaultConfigurationName = Release;
		};
		8D5F125F2A93209900ACDAC4 /* Build configuration list for PBXNativeTarget "LivePixel" */ = {
			isa = XCConfigurationList;
			buildConfigurations = (
				8D5F12602A93209900ACDAC4 /* Debug */,
				8D5F12612A93209900ACDAC4 /* Release */,
			);
			defaultConfigurationIsVisible = 0;
			defaultConfigurationName = Release;
		};
/* End XCConfigurationList section */

/* Begin XCRemoteSwiftPackageReference section */
		8D1E60AE2A932FC300952196 /* XCRemoteSwiftPackageReference "GoogleSignIn-iOS" */ = {
			isa = XCRemoteSwiftPackageReference;
			repositoryURL = "https://github.com/google/GoogleSignIn-iOS.git";
			requirement = {
				branch = main;
				kind = branch;
			};
		};
		8D5F126D2A9328C100ACDAC4 /* XCRemoteSwiftPackageReference "firebase-ios-sdk" */ = {
			isa = XCRemoteSwiftPackageReference;
			repositoryURL = "https://github.com/firebase/firebase-ios-sdk";
			requirement = {
				kind = upToNextMajorVersion;
				minimumVersion = 9.0.0;
			};
		};
/* End XCRemoteSwiftPackageReference section */

/* Begin XCSwiftPackageProductDependency section */
		8D1E60AF2A932FC300952196 /* GoogleSignIn */ = {
			isa = XCSwiftPackageProductDependency;
			package = 8D1E60AE2A932FC300952196 /* XCRemoteSwiftPackageReference "GoogleSignIn-iOS" */;
			productName = GoogleSignIn;
		};
		8D1E60B12A932FC300952196 /* GoogleSignInSwift */ = {
			isa = XCSwiftPackageProductDependency;
			package = 8D1E60AE2A932FC300952196 /* XCRemoteSwiftPackageReference "GoogleSignIn-iOS" */;
			productName = GoogleSignInSwift;
		};
		8D5F126E2A9328C200ACDAC4 /* FirebaseAnalytics */ = {
			isa = XCSwiftPackageProductDependency;
			package = 8D5F126D2A9328C100ACDAC4 /* XCRemoteSwiftPackageReference "firebase-ios-sdk" */;
			productName = FirebaseAnalytics;
		};
		8D5F12702A9328C200ACDAC4 /* FirebaseAuth */ = {
			isa = XCSwiftPackageProductDependency;
			package = 8D5F126D2A9328C100ACDAC4 /* XCRemoteSwiftPackageReference "firebase-ios-sdk" */;
			productName = FirebaseAuth;
		};
		8D5F12722A9328C200ACDAC4 /* FirebaseCrashlytics */ = {
			isa = XCSwiftPackageProductDependency;
			package = 8D5F126D2A9328C100ACDAC4 /* XCRemoteSwiftPackageReference "firebase-ios-sdk" */;
			productName = FirebaseCrashlytics;
		};
		8D5F12742A9328C200ACDAC4 /* FirebaseDatabase */ = {
			isa = XCSwiftPackageProductDependency;
			package = 8D5F126D2A9328C100ACDAC4 /* XCRemoteSwiftPackageReference "firebase-ios-sdk" */;
			productName = FirebaseDatabase;
		};
		8D5F12762A9328C200ACDAC4 /* FirebaseDatabaseSwift */ = {
			isa = XCSwiftPackageProductDependency;
			package = 8D5F126D2A9328C100ACDAC4 /* XCRemoteSwiftPackageReference "firebase-ios-sdk" */;
			productName = FirebaseDatabaseSwift;
		};
		8D5F12782A9328C200ACDAC4 /* FirebaseStorage */ = {
			isa = XCSwiftPackageProductDependency;
			package = 8D5F126D2A9328C100ACDAC4 /* XCRemoteSwiftPackageReference "firebase-ios-sdk" */;
			productName = FirebaseStorage;
		};
/* End XCSwiftPackageProductDependency section */
	};
	rootObject = 8D5F12492A93209500ACDAC4 /* Project object */;
}
