// !$*UTF8*$!
{
	archiveVersion = 1;
	classes = {
	};
	objectVersion = 56;
	objects = {

/* Begin PBXBuildFile section */
		1B0223712A9EFD0200935F48 /* SubjectModel.swift in Sources */ = {isa = PBXBuildFile; fileRef = 1B0223702A9EFD0200935F48 /* SubjectModel.swift */; };
		1B0223732A9F07A200935F48 /* MakeSubjectView.swift in Sources */ = {isa = PBXBuildFile; fileRef = 1B0223722A9F07A200935F48 /* MakeSubjectView.swift */; };
		1B0223752A9F0AD200935F48 /* ActivityIndicator.swift in Sources */ = {isa = PBXBuildFile; fileRef = 1B0223742A9F0AD200935F48 /* ActivityIndicator.swift */; };
		1B0223772A9F0EE600935F48 /* SubjectListView.swift in Sources */ = {isa = PBXBuildFile; fileRef = 1B0223762A9F0EE600935F48 /* SubjectListView.swift */; };
		1B0223792AA0231800935F48 /* UIDevice+Extensions.swift in Sources */ = {isa = PBXBuildFile; fileRef = 1B0223782AA0231800935F48 /* UIDevice+Extensions.swift */; };
		1B02237B2AA056BA00935F48 /* RoundedLabel.swift in Sources */ = {isa = PBXBuildFile; fileRef = 1B02237A2AA056BA00935F48 /* RoundedLabel.swift */; };
		1B02237D2AA05ECB00935F48 /* CanvasInfomationView.swift in Sources */ = {isa = PBXBuildFile; fileRef = 1B02237C2AA05ECB00935F48 /* CanvasInfomationView.swift */; };
		1B47E13D2A944529005C036F /* AuthorizationButton.swift in Sources */ = {isa = PBXBuildFile; fileRef = 1B47E13C2A944529005C036F /* AuthorizationButton.swift */; };
		1B47E13F2A944938005C036F /* Colors.xcassets in Resources */ = {isa = PBXBuildFile; fileRef = 1B47E13E2A944938005C036F /* Colors.xcassets */; };
		1B47E1422A946DE0005C036F /* AlamofireImage in Frameworks */ = {isa = PBXBuildFile; productRef = 1B47E1412A946DE0005C036F /* AlamofireImage */; };
		1B47E1442A946F9A005C036F /* NetImageView.swift in Sources */ = {isa = PBXBuildFile; fileRef = 1B47E1432A946F9A005C036F /* NetImageView.swift */; };
		1B47E1472A948319005C036F /* Localizable.strings in Resources */ = {isa = PBXBuildFile; fileRef = 1B47E1492A948319005C036F /* Localizable.strings */; };
		1B47E14B2A948326005C036F /* InfoPlist.strings in Resources */ = {isa = PBXBuildFile; fileRef = 1B47E14D2A948326005C036F /* InfoPlist.strings */; };
		1B47E1502A948BC8005C036F /* Toast.swift in Sources */ = {isa = PBXBuildFile; fileRef = 1B47E14F2A948BC8005C036F /* Toast.swift */; };
		1B47E1532A9499A5005C036F /* RoundedButton.swift in Sources */ = {isa = PBXBuildFile; fileRef = 1B47E1522A9499A5005C036F /* RoundedButton.swift */; };
		1B47E1552A958E5B005C036F /* ProfileModel.swift in Sources */ = {isa = PBXBuildFile; fileRef = 1B47E1542A958E5B005C036F /* ProfileModel.swift */; };
		1B8EC3392A959B0200A723D4 /* ProfileView.swift in Sources */ = {isa = PBXBuildFile; fileRef = 1B8EC3382A959B0200A723D4 /* ProfileView.swift */; };
		1B8EC33B2A95B3C700A723D4 /* CanvasView.swift in Sources */ = {isa = PBXBuildFile; fileRef = 1B8EC33A2A95B3C700A723D4 /* CanvasView.swift */; };
		1B8EC33D2A95CAF600A723D4 /* ProfileEditView.swift in Sources */ = {isa = PBXBuildFile; fileRef = 1B8EC33C2A95CAF600A723D4 /* ProfileEditView.swift */; };
		1BE7608C2A95F32800C954E2 /* PhotoPicker.swift in Sources */ = {isa = PBXBuildFile; fileRef = 1BE7608B2A95F32800C954E2 /* PhotoPicker.swift */; };
		1BE7608E2A95F4FC00C954E2 /* FirebaseStorageHelper.swift in Sources */ = {isa = PBXBuildFile; fileRef = 1BE7608D2A95F4FC00C954E2 /* FirebaseStorageHelper.swift */; };
		1BE760952A96DC1B00C954E2 /* Realm.Object+Extensions.swift in Sources */ = {isa = PBXBuildFile; fileRef = 1BE760942A96DC1B00C954E2 /* Realm.Object+Extensions.swift */; };
		1BE760982A96E29B00C954E2 /* FirebaseFirestoreHelper.swift in Sources */ = {isa = PBXBuildFile; fileRef = 1BE760972A96E29B00C954E2 /* FirebaseFirestoreHelper.swift */; };
		1BE7609C2A97132100C954E2 /* FSImageView.swift in Sources */ = {isa = PBXBuildFile; fileRef = 1BE7609B2A97132100C954E2 /* FSImageView.swift */; };
		1BE95B6B2A9C791D0056B5DA /* CGPoint+Extensions.swift in Sources */ = {isa = PBXBuildFile; fileRef = 1BE95B6A2A9C791D0056B5DA /* CGPoint+Extensions.swift */; };
		1BE95B6D2A9C902B0056B5DA /* Color+Extensions.swift in Sources */ = {isa = PBXBuildFile; fileRef = 1BE95B6C2A9C902B0056B5DA /* Color+Extensions.swift */; };
		1BE95B6F2A9D8D950056B5DA /* ColorMixerView.swift in Sources */ = {isa = PBXBuildFile; fileRef = 1BE95B6E2A9D8D950056B5DA /* ColorMixerView.swift */; };
		1BE95B712A9D9BC30056B5DA /* ColorView.swift in Sources */ = {isa = PBXBuildFile; fileRef = 1BE95B702A9D9BC30056B5DA /* ColorView.swift */; };
		1BE95B732A9DC7F90056B5DA /* TotalCanvasView.swift in Sources */ = {isa = PBXBuildFile; fileRef = 1BE95B722A9DC7F90056B5DA /* TotalCanvasView.swift */; };
		1BE95B752A9EC17D0056B5DA /* PathFinder.swift in Sources */ = {isa = PBXBuildFile; fileRef = 1BE95B742A9EC17D0056B5DA /* PathFinder.swift */; };
		1BECC91E2A972A59008F8C27 /* Realm+Extensions.swift in Sources */ = {isa = PBXBuildFile; fileRef = 1BECC91D2A972A59008F8C27 /* Realm+Extensions.swift */; };
		1BECC9262A972ED1008F8C27 /* RxCocoa in Frameworks */ = {isa = PBXBuildFile; productRef = 1BECC9252A972ED1008F8C27 /* RxCocoa */; };
		1BECC9282A972ED1008F8C27 /* RxSwift in Frameworks */ = {isa = PBXBuildFile; productRef = 1BECC9272A972ED1008F8C27 /* RxSwift */; };
		1BECC92C2A972F33008F8C27 /* RxRealm in Frameworks */ = {isa = PBXBuildFile; productRef = 1BECC92B2A972F33008F8C27 /* RxRealm */; };
		1BECC92F2A974B1E008F8C27 /* Kingfisher in Frameworks */ = {isa = PBXBuildFile; productRef = 1BECC92E2A974B1E008F8C27 /* Kingfisher */; };
		1BECC9312A974E9C008F8C27 /* ProfileImageViewForNavigation.swift in Sources */ = {isa = PBXBuildFile; fileRef = 1BECC9302A974E9C008F8C27 /* ProfileImageViewForNavigation.swift */; };
		1BECC9332A983013008F8C27 /* HomeView.swift in Sources */ = {isa = PBXBuildFile; fileRef = 1BECC9322A983013008F8C27 /* HomeView.swift */; };
		1BECC9352A9832FE008F8C27 /* FirestorageDownloadUrlCacheModel.swift in Sources */ = {isa = PBXBuildFile; fileRef = 1BECC9342A9832FE008F8C27 /* FirestorageDownloadUrlCacheModel.swift */; };
		1BECC9372A986096008F8C27 /* MakeNewCanvasView.swift in Sources */ = {isa = PBXBuildFile; fileRef = 1BECC9362A986096008F8C27 /* MakeNewCanvasView.swift */; };
		1BECC93C2A986A0D008F8C27 /* CanvasListView.swift in Sources */ = {isa = PBXBuildFile; fileRef = 1BECC93B2A986A0D008F8C27 /* CanvasListView.swift */; };
		1BF7689C2A95937E0095A09C /* FirebaseAnalytics in Frameworks */ = {isa = PBXBuildFile; productRef = 1BF7689B2A95937E0095A09C /* FirebaseAnalytics */; };
		1BF7689E2A95937E0095A09C /* FirebaseAnalyticsOnDeviceConversion in Frameworks */ = {isa = PBXBuildFile; productRef = 1BF7689D2A95937E0095A09C /* FirebaseAnalyticsOnDeviceConversion */; };
		1BF768A02A95937E0095A09C /* FirebaseAnalyticsSwift in Frameworks */ = {isa = PBXBuildFile; productRef = 1BF7689F2A95937E0095A09C /* FirebaseAnalyticsSwift */; };
		1BF768A22A95937E0095A09C /* FirebaseAnalyticsWithoutAdIdSupport in Frameworks */ = {isa = PBXBuildFile; productRef = 1BF768A12A95937E0095A09C /* FirebaseAnalyticsWithoutAdIdSupport */; };
		1BF768A42A95937E0095A09C /* FirebaseAppCheck in Frameworks */ = {isa = PBXBuildFile; productRef = 1BF768A32A95937E0095A09C /* FirebaseAppCheck */; };
		1BF768A62A95937E0095A09C /* FirebaseAppDistribution-Beta in Frameworks */ = {isa = PBXBuildFile; productRef = 1BF768A52A95937E0095A09C /* FirebaseAppDistribution-Beta */; };
		1BF768A82A95937E0095A09C /* FirebaseAuth in Frameworks */ = {isa = PBXBuildFile; productRef = 1BF768A72A95937E0095A09C /* FirebaseAuth */; };
		1BF768AA2A95937E0095A09C /* FirebaseAuthCombine-Community in Frameworks */ = {isa = PBXBuildFile; productRef = 1BF768A92A95937E0095A09C /* FirebaseAuthCombine-Community */; };
		1BF768AC2A95937E0095A09C /* FirebaseCrashlytics in Frameworks */ = {isa = PBXBuildFile; productRef = 1BF768AB2A95937E0095A09C /* FirebaseCrashlytics */; };
		1BF768AE2A95937E0095A09C /* FirebaseDatabase in Frameworks */ = {isa = PBXBuildFile; productRef = 1BF768AD2A95937E0095A09C /* FirebaseDatabase */; };
		1BF768B02A95937E0095A09C /* FirebaseDatabaseSwift in Frameworks */ = {isa = PBXBuildFile; productRef = 1BF768AF2A95937E0095A09C /* FirebaseDatabaseSwift */; };
		1BF768B22A95937E0095A09C /* FirebaseDynamicLinks in Frameworks */ = {isa = PBXBuildFile; productRef = 1BF768B12A95937E0095A09C /* FirebaseDynamicLinks */; };
		1BF768B42A95937E0095A09C /* FirebaseFirestore in Frameworks */ = {isa = PBXBuildFile; productRef = 1BF768B32A95937E0095A09C /* FirebaseFirestore */; };
		1BF768B62A95937E0095A09C /* FirebaseFirestoreCombine-Community in Frameworks */ = {isa = PBXBuildFile; productRef = 1BF768B52A95937E0095A09C /* FirebaseFirestoreCombine-Community */; };
		1BF768B82A95937E0095A09C /* FirebaseFirestoreSwift in Frameworks */ = {isa = PBXBuildFile; productRef = 1BF768B72A95937E0095A09C /* FirebaseFirestoreSwift */; };
		1BF768BA2A95937E0095A09C /* FirebaseFunctions in Frameworks */ = {isa = PBXBuildFile; productRef = 1BF768B92A95937E0095A09C /* FirebaseFunctions */; };
		1BF768BC2A95937E0095A09C /* FirebaseFunctionsCombine-Community in Frameworks */ = {isa = PBXBuildFile; productRef = 1BF768BB2A95937E0095A09C /* FirebaseFunctionsCombine-Community */; };
		1BF768BE2A95937E0095A09C /* FirebaseInAppMessaging-Beta in Frameworks */ = {isa = PBXBuildFile; productRef = 1BF768BD2A95937E0095A09C /* FirebaseInAppMessaging-Beta */; };
		1BF768C02A95937E0095A09C /* FirebaseInAppMessagingSwift-Beta in Frameworks */ = {isa = PBXBuildFile; productRef = 1BF768BF2A95937E0095A09C /* FirebaseInAppMessagingSwift-Beta */; };
		1BF768C22A95937E0095A09C /* FirebaseInstallations in Frameworks */ = {isa = PBXBuildFile; productRef = 1BF768C12A95937E0095A09C /* FirebaseInstallations */; };
		1BF768C42A95937E0095A09C /* FirebaseMLModelDownloader in Frameworks */ = {isa = PBXBuildFile; productRef = 1BF768C32A95937E0095A09C /* FirebaseMLModelDownloader */; };
		1BF768C62A95937E0095A09C /* FirebaseMessaging in Frameworks */ = {isa = PBXBuildFile; productRef = 1BF768C52A95937E0095A09C /* FirebaseMessaging */; };
		1BF768C82A95937E0095A09C /* FirebasePerformance in Frameworks */ = {isa = PBXBuildFile; productRef = 1BF768C72A95937E0095A09C /* FirebasePerformance */; };
		1BF768CA2A95937E0095A09C /* FirebaseRemoteConfig in Frameworks */ = {isa = PBXBuildFile; productRef = 1BF768C92A95937E0095A09C /* FirebaseRemoteConfig */; };
		1BF768CC2A95937E0095A09C /* FirebaseRemoteConfigSwift in Frameworks */ = {isa = PBXBuildFile; productRef = 1BF768CB2A95937E0095A09C /* FirebaseRemoteConfigSwift */; };
		1BF768CE2A95937E0095A09C /* FirebaseStorage in Frameworks */ = {isa = PBXBuildFile; productRef = 1BF768CD2A95937E0095A09C /* FirebaseStorage */; };
		1BF768D02A95937E0095A09C /* FirebaseStorageCombine-Community in Frameworks */ = {isa = PBXBuildFile; productRef = 1BF768CF2A95937E0095A09C /* FirebaseStorageCombine-Community */; };
		8D1E60AD2A932F4200952196 /* AuthManager.swift in Sources */ = {isa = PBXBuildFile; fileRef = 8D1E60AC2A932F4200952196 /* AuthManager.swift */; };
		8D1E60B02A932FC300952196 /* GoogleSignIn in Frameworks */ = {isa = PBXBuildFile; productRef = 8D1E60AF2A932FC300952196 /* GoogleSignIn */; };
		8D1E60B22A932FC300952196 /* GoogleSignInSwift in Frameworks */ = {isa = PBXBuildFile; productRef = 8D1E60B12A932FC300952196 /* GoogleSignInSwift */; };
		8D1E60B42A93317800952196 /* UIApplication+Extensions.swift in Sources */ = {isa = PBXBuildFile; fileRef = 8D1E60B32A93317700952196 /* UIApplication+Extensions.swift */; };
		8D1E60B62A93342400952196 /* SignInView.swift in Sources */ = {isa = PBXBuildFile; fileRef = 8D1E60B52A93342400952196 /* SignInView.swift */; };
		8D5F12552A93209500ACDAC4 /* LivePixelApp.swift in Sources */ = {isa = PBXBuildFile; fileRef = 8D5F12542A93209500ACDAC4 /* LivePixelApp.swift */; };
		8D5F12572A93209500ACDAC4 /* ContentView.swift in Sources */ = {isa = PBXBuildFile; fileRef = 8D5F12562A93209500ACDAC4 /* ContentView.swift */; };
		8D5F12592A93209900ACDAC4 /* Assets.xcassets in Resources */ = {isa = PBXBuildFile; fileRef = 8D5F12582A93209900ACDAC4 /* Assets.xcassets */; };
		8D5F125C2A93209900ACDAC4 /* Preview Assets.xcassets in Resources */ = {isa = PBXBuildFile; fileRef = 8D5F125B2A93209900ACDAC4 /* Preview Assets.xcassets */; };
		8D5F12652A93240100ACDAC4 /* CanvasModel.swift in Sources */ = {isa = PBXBuildFile; fileRef = 8D5F12642A93240100ACDAC4 /* CanvasModel.swift */; };
		8D5F12672A93244B00ACDAC4 /* DoteModel.swift in Sources */ = {isa = PBXBuildFile; fileRef = 8D5F12662A93244B00ACDAC4 /* DoteModel.swift */; };
		8D5F126A2A9324E200ACDAC4 /* Stack.swift in Sources */ = {isa = PBXBuildFile; fileRef = 8D5F12692A9324E200ACDAC4 /* Stack.swift */; };
		8D5F126C2A93264A00ACDAC4 /* GoogleService-Info.plist in Resources */ = {isa = PBXBuildFile; fileRef = 8D5F126B2A93264A00ACDAC4 /* GoogleService-Info.plist */; };
/* End PBXBuildFile section */

/* Begin PBXFileReference section */
		1B0223702A9EFD0200935F48 /* SubjectModel.swift */ = {isa = PBXFileReference; lastKnownFileType = sourcecode.swift; path = SubjectModel.swift; sourceTree = "<group>"; };
		1B0223722A9F07A200935F48 /* MakeSubjectView.swift */ = {isa = PBXFileReference; lastKnownFileType = sourcecode.swift; path = MakeSubjectView.swift; sourceTree = "<group>"; };
		1B0223742A9F0AD200935F48 /* ActivityIndicator.swift */ = {isa = PBXFileReference; lastKnownFileType = sourcecode.swift; path = ActivityIndicator.swift; sourceTree = "<group>"; };
		1B0223762A9F0EE600935F48 /* SubjectListView.swift */ = {isa = PBXFileReference; lastKnownFileType = sourcecode.swift; path = SubjectListView.swift; sourceTree = "<group>"; };
		1B0223782AA0231800935F48 /* UIDevice+Extensions.swift */ = {isa = PBXFileReference; lastKnownFileType = sourcecode.swift; path = "UIDevice+Extensions.swift"; sourceTree = "<group>"; };
		1B02237A2AA056BA00935F48 /* RoundedLabel.swift */ = {isa = PBXFileReference; lastKnownFileType = sourcecode.swift; path = RoundedLabel.swift; sourceTree = "<group>"; };
		1B02237C2AA05ECB00935F48 /* CanvasInfomationView.swift */ = {isa = PBXFileReference; lastKnownFileType = sourcecode.swift; path = CanvasInfomationView.swift; sourceTree = "<group>"; };
		1B47E13C2A944529005C036F /* AuthorizationButton.swift */ = {isa = PBXFileReference; fileEncoding = 4; lastKnownFileType = sourcecode.swift; path = AuthorizationButton.swift; sourceTree = "<group>"; };
		1B47E13E2A944938005C036F /* Colors.xcassets */ = {isa = PBXFileReference; lastKnownFileType = folder.assetcatalog; path = Colors.xcassets; sourceTree = "<group>"; };
		1B47E1432A946F9A005C036F /* NetImageView.swift */ = {isa = PBXFileReference; lastKnownFileType = sourcecode.swift; path = NetImageView.swift; sourceTree = "<group>"; };
		1B47E1482A948319005C036F /* en */ = {isa = PBXFileReference; lastKnownFileType = text.plist.strings; name = en; path = en.lproj/Localizable.strings; sourceTree = "<group>"; };
		1B47E14A2A94831F005C036F /* ko */ = {isa = PBXFileReference; lastKnownFileType = text.plist.strings; name = ko; path = ko.lproj/Localizable.strings; sourceTree = "<group>"; };
		1B47E14C2A948326005C036F /* en */ = {isa = PBXFileReference; lastKnownFileType = text.plist.strings; name = en; path = en.lproj/InfoPlist.strings; sourceTree = "<group>"; };
		1B47E14E2A94832A005C036F /* ko */ = {isa = PBXFileReference; lastKnownFileType = text.plist.strings; name = ko; path = ko.lproj/InfoPlist.strings; sourceTree = "<group>"; };
		1B47E14F2A948BC8005C036F /* Toast.swift */ = {isa = PBXFileReference; fileEncoding = 4; lastKnownFileType = sourcecode.swift; path = Toast.swift; sourceTree = "<group>"; };
		1B47E1522A9499A5005C036F /* RoundedButton.swift */ = {isa = PBXFileReference; lastKnownFileType = sourcecode.swift; path = RoundedButton.swift; sourceTree = "<group>"; };
		1B47E1542A958E5B005C036F /* ProfileModel.swift */ = {isa = PBXFileReference; lastKnownFileType = sourcecode.swift; path = ProfileModel.swift; sourceTree = "<group>"; };
		1B8EC3382A959B0200A723D4 /* ProfileView.swift */ = {isa = PBXFileReference; lastKnownFileType = sourcecode.swift; path = ProfileView.swift; sourceTree = "<group>"; };
		1B8EC33A2A95B3C700A723D4 /* CanvasView.swift */ = {isa = PBXFileReference; lastKnownFileType = sourcecode.swift; path = CanvasView.swift; sourceTree = "<group>"; };
		1B8EC33C2A95CAF600A723D4 /* ProfileEditView.swift */ = {isa = PBXFileReference; lastKnownFileType = sourcecode.swift; path = ProfileEditView.swift; sourceTree = "<group>"; };
		1BE7608B2A95F32800C954E2 /* PhotoPicker.swift */ = {isa = PBXFileReference; fileEncoding = 4; lastKnownFileType = sourcecode.swift; path = PhotoPicker.swift; sourceTree = "<group>"; };
		1BE7608D2A95F4FC00C954E2 /* FirebaseStorageHelper.swift */ = {isa = PBXFileReference; fileEncoding = 4; lastKnownFileType = sourcecode.swift; path = FirebaseStorageHelper.swift; sourceTree = "<group>"; };
		1BE760942A96DC1B00C954E2 /* Realm.Object+Extensions.swift */ = {isa = PBXFileReference; lastKnownFileType = sourcecode.swift; path = "Realm.Object+Extensions.swift"; sourceTree = "<group>"; };
		1BE760972A96E29B00C954E2 /* FirebaseFirestoreHelper.swift */ = {isa = PBXFileReference; lastKnownFileType = sourcecode.swift; path = FirebaseFirestoreHelper.swift; sourceTree = "<group>"; };
		1BE7609B2A97132100C954E2 /* FSImageView.swift */ = {isa = PBXFileReference; lastKnownFileType = sourcecode.swift; path = FSImageView.swift; sourceTree = "<group>"; };
		1BE95B6A2A9C791D0056B5DA /* CGPoint+Extensions.swift */ = {isa = PBXFileReference; fileEncoding = 4; lastKnownFileType = sourcecode.swift; path = "CGPoint+Extensions.swift"; sourceTree = "<group>"; };
		1BE95B6C2A9C902B0056B5DA /* Color+Extensions.swift */ = {isa = PBXFileReference; lastKnownFileType = sourcecode.swift; path = "Color+Extensions.swift"; sourceTree = "<group>"; };
		1BE95B6E2A9D8D950056B5DA /* ColorMixerView.swift */ = {isa = PBXFileReference; lastKnownFileType = sourcecode.swift; path = ColorMixerView.swift; sourceTree = "<group>"; };
		1BE95B702A9D9BC30056B5DA /* ColorView.swift */ = {isa = PBXFileReference; lastKnownFileType = sourcecode.swift; path = ColorView.swift; sourceTree = "<group>"; };
		1BE95B722A9DC7F90056B5DA /* TotalCanvasView.swift */ = {isa = PBXFileReference; lastKnownFileType = sourcecode.swift; path = TotalCanvasView.swift; sourceTree = "<group>"; };
		1BE95B742A9EC17D0056B5DA /* PathFinder.swift */ = {isa = PBXFileReference; fileEncoding = 4; lastKnownFileType = sourcecode.swift; path = PathFinder.swift; sourceTree = "<group>"; };
		1BECC91D2A972A59008F8C27 /* Realm+Extensions.swift */ = {isa = PBXFileReference; lastKnownFileType = sourcecode.swift; path = "Realm+Extensions.swift"; sourceTree = "<group>"; };
		1BECC9302A974E9C008F8C27 /* ProfileImageViewForNavigation.swift */ = {isa = PBXFileReference; lastKnownFileType = sourcecode.swift; path = ProfileImageViewForNavigation.swift; sourceTree = "<group>"; };
		1BECC9322A983013008F8C27 /* HomeView.swift */ = {isa = PBXFileReference; lastKnownFileType = sourcecode.swift; path = HomeView.swift; sourceTree = "<group>"; };
		1BECC9342A9832FE008F8C27 /* FirestorageDownloadUrlCacheModel.swift */ = {isa = PBXFileReference; lastKnownFileType = sourcecode.swift; path = FirestorageDownloadUrlCacheModel.swift; sourceTree = "<group>"; };
		1BECC9362A986096008F8C27 /* MakeNewCanvasView.swift */ = {isa = PBXFileReference; lastKnownFileType = sourcecode.swift; path = MakeNewCanvasView.swift; sourceTree = "<group>"; };
		1BECC93B2A986A0D008F8C27 /* CanvasListView.swift */ = {isa = PBXFileReference; lastKnownFileType = sourcecode.swift; path = CanvasListView.swift; sourceTree = "<group>"; };
		8D1E60AC2A932F4200952196 /* AuthManager.swift */ = {isa = PBXFileReference; fileEncoding = 4; lastKnownFileType = sourcecode.swift; path = AuthManager.swift; sourceTree = "<group>"; };
		8D1E60B32A93317700952196 /* UIApplication+Extensions.swift */ = {isa = PBXFileReference; fileEncoding = 4; lastKnownFileType = sourcecode.swift; path = "UIApplication+Extensions.swift"; sourceTree = "<group>"; };
		8D1E60B52A93342400952196 /* SignInView.swift */ = {isa = PBXFileReference; lastKnownFileType = sourcecode.swift; path = SignInView.swift; sourceTree = "<group>"; };
		8D1E60B82A9338A300952196 /* Info.plist */ = {isa = PBXFileReference; lastKnownFileType = text.plist; path = Info.plist; sourceTree = "<group>"; };
		8D5F12512A93209500ACDAC4 /* LivePixel.app */ = {isa = PBXFileReference; explicitFileType = wrapper.application; includeInIndex = 0; path = LivePixel.app; sourceTree = BUILT_PRODUCTS_DIR; };
		8D5F12542A93209500ACDAC4 /* LivePixelApp.swift */ = {isa = PBXFileReference; lastKnownFileType = sourcecode.swift; path = LivePixelApp.swift; sourceTree = "<group>"; };
		8D5F12562A93209500ACDAC4 /* ContentView.swift */ = {isa = PBXFileReference; lastKnownFileType = sourcecode.swift; path = ContentView.swift; sourceTree = "<group>"; };
		8D5F12582A93209900ACDAC4 /* Assets.xcassets */ = {isa = PBXFileReference; lastKnownFileType = folder.assetcatalog; path = Assets.xcassets; sourceTree = "<group>"; };
		8D5F125B2A93209900ACDAC4 /* Preview Assets.xcassets */ = {isa = PBXFileReference; lastKnownFileType = folder.assetcatalog; path = "Preview Assets.xcassets"; sourceTree = "<group>"; };
		8D5F12622A9323C800ACDAC4 /* LivePixel.entitlements */ = {isa = PBXFileReference; lastKnownFileType = text.plist.entitlements; path = LivePixel.entitlements; sourceTree = "<group>"; };
		8D5F12642A93240100ACDAC4 /* CanvasModel.swift */ = {isa = PBXFileReference; lastKnownFileType = sourcecode.swift; path = CanvasModel.swift; sourceTree = "<group>"; };
		8D5F12662A93244B00ACDAC4 /* DoteModel.swift */ = {isa = PBXFileReference; lastKnownFileType = sourcecode.swift; path = DoteModel.swift; sourceTree = "<group>"; };
		8D5F12692A9324E200ACDAC4 /* Stack.swift */ = {isa = PBXFileReference; lastKnownFileType = sourcecode.swift; path = Stack.swift; sourceTree = "<group>"; };
		8D5F126B2A93264A00ACDAC4 /* GoogleService-Info.plist */ = {isa = PBXFileReference; fileEncoding = 4; lastKnownFileType = text.plist.xml; path = "GoogleService-Info.plist"; sourceTree = "<group>"; };
/* End PBXFileReference section */

/* Begin PBXFrameworksBuildPhase section */
		8D5F124E2A93209500ACDAC4 /* Frameworks */ = {
			isa = PBXFrameworksBuildPhase;
			buildActionMask = 2147483647;
			files = (
				1BF768C02A95937E0095A09C /* FirebaseInAppMessagingSwift-Beta in Frameworks */,
				1BF768B02A95937E0095A09C /* FirebaseDatabaseSwift in Frameworks */,
				1BF768AE2A95937E0095A09C /* FirebaseDatabase in Frameworks */,
				1BF768C42A95937E0095A09C /* FirebaseMLModelDownloader in Frameworks */,
				1BF768A42A95937E0095A09C /* FirebaseAppCheck in Frameworks */,
				1BF768BC2A95937E0095A09C /* FirebaseFunctionsCombine-Community in Frameworks */,
				1BF768C22A95937E0095A09C /* FirebaseInstallations in Frameworks */,
				1BF768C62A95937E0095A09C /* FirebaseMessaging in Frameworks */,
				1BF768A82A95937E0095A09C /* FirebaseAuth in Frameworks */,
				1BF768CA2A95937E0095A09C /* FirebaseRemoteConfig in Frameworks */,
				1BF768A02A95937E0095A09C /* FirebaseAnalyticsSwift in Frameworks */,
				1BF768CE2A95937E0095A09C /* FirebaseStorage in Frameworks */,
				1BF768C82A95937E0095A09C /* FirebasePerformance in Frameworks */,
				1BF768B42A95937E0095A09C /* FirebaseFirestore in Frameworks */,
				1BECC92F2A974B1E008F8C27 /* Kingfisher in Frameworks */,
				1BECC9262A972ED1008F8C27 /* RxCocoa in Frameworks */,
				1B47E1422A946DE0005C036F /* AlamofireImage in Frameworks */,
				1BF768BE2A95937E0095A09C /* FirebaseInAppMessaging-Beta in Frameworks */,
				8D1E60B22A932FC300952196 /* GoogleSignInSwift in Frameworks */,
				1BF7689E2A95937E0095A09C /* FirebaseAnalyticsOnDeviceConversion in Frameworks */,
				1BF768CC2A95937E0095A09C /* FirebaseRemoteConfigSwift in Frameworks */,
				1BF768AA2A95937E0095A09C /* FirebaseAuthCombine-Community in Frameworks */,
				1BF768BA2A95937E0095A09C /* FirebaseFunctions in Frameworks */,
				1BF768A22A95937E0095A09C /* FirebaseAnalyticsWithoutAdIdSupport in Frameworks */,
				1BF768D02A95937E0095A09C /* FirebaseStorageCombine-Community in Frameworks */,
				1BECC92C2A972F33008F8C27 /* RxRealm in Frameworks */,
				1BF768B62A95937E0095A09C /* FirebaseFirestoreCombine-Community in Frameworks */,
				1BF7689C2A95937E0095A09C /* FirebaseAnalytics in Frameworks */,
				1BF768AC2A95937E0095A09C /* FirebaseCrashlytics in Frameworks */,
				8D1E60B02A932FC300952196 /* GoogleSignIn in Frameworks */,
				1BF768A62A95937E0095A09C /* FirebaseAppDistribution-Beta in Frameworks */,
				1BF768B22A95937E0095A09C /* FirebaseDynamicLinks in Frameworks */,
				1BECC9282A972ED1008F8C27 /* RxSwift in Frameworks */,
				1BF768B82A95937E0095A09C /* FirebaseFirestoreSwift in Frameworks */,
			);
			runOnlyForDeploymentPostprocessing = 0;
		};
/* End PBXFrameworksBuildPhase section */

/* Begin PBXGroup section */
		1B47E1512A9498F5005C036F /* View */ = {
			isa = PBXGroup;
			children = (
				8D5F12562A93209500ACDAC4 /* ContentView.swift */,
				1BE95B6E2A9D8D950056B5DA /* ColorMixerView.swift */,
				1BECC9302A974E9C008F8C27 /* ProfileImageViewForNavigation.swift */,
				1B47E13C2A944529005C036F /* AuthorizationButton.swift */,
				8D1E60B52A93342400952196 /* SignInView.swift */,
				1B47E1432A946F9A005C036F /* NetImageView.swift */,
				1BE7609B2A97132100C954E2 /* FSImageView.swift */,
				1B47E1522A9499A5005C036F /* RoundedButton.swift */,
				1B02237A2AA056BA00935F48 /* RoundedLabel.swift */,
				1B8EC3382A959B0200A723D4 /* ProfileView.swift */,
				1B8EC33C2A95CAF600A723D4 /* ProfileEditView.swift */,
				1B8EC33A2A95B3C700A723D4 /* CanvasView.swift */,
				1BE7608B2A95F32800C954E2 /* PhotoPicker.swift */,
				1BECC9322A983013008F8C27 /* HomeView.swift */,
				1BECC9362A986096008F8C27 /* MakeNewCanvasView.swift */,
				1BECC93B2A986A0D008F8C27 /* CanvasListView.swift */,
				1BE95B702A9D9BC30056B5DA /* ColorView.swift */,
				1BE95B722A9DC7F90056B5DA /* TotalCanvasView.swift */,
				1B0223722A9F07A200935F48 /* MakeSubjectView.swift */,
				1B0223762A9F0EE600935F48 /* SubjectListView.swift */,
				1B02237C2AA05ECB00935F48 /* CanvasInfomationView.swift */,
			);
			path = View;
			sourceTree = "<group>";
		};
		1BE760962A96E28700C954E2 /* Firebase */ = {
			isa = PBXGroup;
			children = (
				1BE7608D2A95F4FC00C954E2 /* FirebaseStorageHelper.swift */,
				1BE760972A96E29B00C954E2 /* FirebaseFirestoreHelper.swift */,
			);
			path = Firebase;
			sourceTree = "<group>";
		};
		8D5F12482A93209500ACDAC4 = {
			isa = PBXGroup;
			children = (
				8D5F12532A93209500ACDAC4 /* LivePixel */,
				8D5F12522A93209500ACDAC4 /* Products */,
			);
			sourceTree = "<group>";
		};
		8D5F12522A93209500ACDAC4 /* Products */ = {
			isa = PBXGroup;
			children = (
				8D5F12512A93209500ACDAC4 /* LivePixel.app */,
			);
			name = Products;
			sourceTree = "<group>";
		};
		8D5F12532A93209500ACDAC4 /* LivePixel */ = {
			isa = PBXGroup;
			children = (
				1BE760962A96E28700C954E2 /* Firebase */,
				1B47E1512A9498F5005C036F /* View */,
				8D1E60B82A9338A300952196 /* Info.plist */,
				8D5F12632A9323EC00ACDAC4 /* Models */,
				8D5F12622A9323C800ACDAC4 /* LivePixel.entitlements */,
				8D5F12542A93209500ACDAC4 /* LivePixelApp.swift */,
				1B47E14F2A948BC8005C036F /* Toast.swift */,
				1B0223742A9F0AD200935F48 /* ActivityIndicator.swift */,
				1BE95B742A9EC17D0056B5DA /* PathFinder.swift */,
				8D5F12582A93209900ACDAC4 /* Assets.xcassets */,
				1B47E13E2A944938005C036F /* Colors.xcassets */,
				8D5F126B2A93264A00ACDAC4 /* GoogleService-Info.plist */,
				8D5F125A2A93209900ACDAC4 /* Preview Content */,
				8D1E60AC2A932F4200952196 /* AuthManager.swift */,
				8D5F12692A9324E200ACDAC4 /* Stack.swift */,
				8D5F12682A93249C00ACDAC4 /* Extensions */,
				1B47E14D2A948326005C036F /* InfoPlist.strings */,
				1B47E1492A948319005C036F /* Localizable.strings */,
			);
			path = LivePixel;
			sourceTree = "<group>";
		};
		8D5F125A2A93209900ACDAC4 /* Preview Content */ = {
			isa = PBXGroup;
			children = (
				8D5F125B2A93209900ACDAC4 /* Preview Assets.xcassets */,
			);
			path = "Preview Content";
			sourceTree = "<group>";
		};
		8D5F12632A9323EC00ACDAC4 /* Models */ = {
			isa = PBXGroup;
			children = (
				8D5F12642A93240100ACDAC4 /* CanvasModel.swift */,
				8D5F12662A93244B00ACDAC4 /* DoteModel.swift */,
				1B47E1542A958E5B005C036F /* ProfileModel.swift */,
				1BECC9342A9832FE008F8C27 /* FirestorageDownloadUrlCacheModel.swift */,
				1B0223702A9EFD0200935F48 /* SubjectModel.swift */,
			);
			path = Models;
			sourceTree = "<group>";
		};
		8D5F12682A93249C00ACDAC4 /* Extensions */ = {
			isa = PBXGroup;
			children = (
				1BE95B6A2A9C791D0056B5DA /* CGPoint+Extensions.swift */,
				8D1E60B32A93317700952196 /* UIApplication+Extensions.swift */,
				1BE760942A96DC1B00C954E2 /* Realm.Object+Extensions.swift */,
				1BECC91D2A972A59008F8C27 /* Realm+Extensions.swift */,
				1BE95B6C2A9C902B0056B5DA /* Color+Extensions.swift */,
				1B0223782AA0231800935F48 /* UIDevice+Extensions.swift */,
			);
			path = Extensions;
			sourceTree = "<group>";
		};
/* End PBXGroup section */

/* Begin PBXNativeTarget section */
		8D5F12502A93209500ACDAC4 /* LivePixel */ = {
			isa = PBXNativeTarget;
			buildConfigurationList = 8D5F125F2A93209900ACDAC4 /* Build configuration list for PBXNativeTarget "LivePixel" */;
			buildPhases = (
				8D5F124D2A93209500ACDAC4 /* Sources */,
				8D5F124E2A93209500ACDAC4 /* Frameworks */,
				8D5F124F2A93209500ACDAC4 /* Resources */,
				8D1E60B72A93363700952196 /* ShellScript */,
			);
			buildRules = (
			);
			dependencies = (
			);
			name = LivePixel;
			packageProductDependencies = (
				8D1E60AF2A932FC300952196 /* GoogleSignIn */,
				8D1E60B12A932FC300952196 /* GoogleSignInSwift */,
				1B47E1412A946DE0005C036F /* AlamofireImage */,
				1BF7689B2A95937E0095A09C /* FirebaseAnalytics */,
				1BF7689D2A95937E0095A09C /* FirebaseAnalyticsOnDeviceConversion */,
				1BF7689F2A95937E0095A09C /* FirebaseAnalyticsSwift */,
				1BF768A12A95937E0095A09C /* FirebaseAnalyticsWithoutAdIdSupport */,
				1BF768A32A95937E0095A09C /* FirebaseAppCheck */,
				1BF768A52A95937E0095A09C /* FirebaseAppDistribution-Beta */,
				1BF768A72A95937E0095A09C /* FirebaseAuth */,
				1BF768A92A95937E0095A09C /* FirebaseAuthCombine-Community */,
				1BF768AB2A95937E0095A09C /* FirebaseCrashlytics */,
				1BF768AD2A95937E0095A09C /* FirebaseDatabase */,
				1BF768AF2A95937E0095A09C /* FirebaseDatabaseSwift */,
				1BF768B12A95937E0095A09C /* FirebaseDynamicLinks */,
				1BF768B32A95937E0095A09C /* FirebaseFirestore */,
				1BF768B52A95937E0095A09C /* FirebaseFirestoreCombine-Community */,
				1BF768B72A95937E0095A09C /* FirebaseFirestoreSwift */,
				1BF768B92A95937E0095A09C /* FirebaseFunctions */,
				1BF768BB2A95937E0095A09C /* FirebaseFunctionsCombine-Community */,
				1BF768BD2A95937E0095A09C /* FirebaseInAppMessaging-Beta */,
				1BF768BF2A95937E0095A09C /* FirebaseInAppMessagingSwift-Beta */,
				1BF768C12A95937E0095A09C /* FirebaseInstallations */,
				1BF768C32A95937E0095A09C /* FirebaseMLModelDownloader */,
				1BF768C52A95937E0095A09C /* FirebaseMessaging */,
				1BF768C72A95937E0095A09C /* FirebasePerformance */,
				1BF768C92A95937E0095A09C /* FirebaseRemoteConfig */,
				1BF768CB2A95937E0095A09C /* FirebaseRemoteConfigSwift */,
				1BF768CD2A95937E0095A09C /* FirebaseStorage */,
				1BF768CF2A95937E0095A09C /* FirebaseStorageCombine-Community */,
				1BECC9252A972ED1008F8C27 /* RxCocoa */,
				1BECC9272A972ED1008F8C27 /* RxSwift */,
				1BECC92B2A972F33008F8C27 /* RxRealm */,
				1BECC92E2A974B1E008F8C27 /* Kingfisher */,
			);
			productName = LivePixel;
			productReference = 8D5F12512A93209500ACDAC4 /* LivePixel.app */;
			productType = "com.apple.product-type.application";
		};
/* End PBXNativeTarget section */

/* Begin PBXProject section */
		8D5F12492A93209500ACDAC4 /* Project object */ = {
			isa = PBXProject;
			attributes = {
				BuildIndependentTargetsInParallel = 1;
				LastSwiftUpdateCheck = 1420;
				LastUpgradeCheck = 1420;
				TargetAttributes = {
					8D5F12502A93209500ACDAC4 = {
						CreatedOnToolsVersion = 14.2;
					};
				};
			};
			buildConfigurationList = 8D5F124C2A93209500ACDAC4 /* Build configuration list for PBXProject "LivePixel" */;
			compatibilityVersion = "Xcode 14.0";
			developmentRegion = en;
			hasScannedForEncodings = 0;
			knownRegions = (
				en,
				Base,
				ko,
			);
			mainGroup = 8D5F12482A93209500ACDAC4;
			packageReferences = (
				8D1E60AE2A932FC300952196 /* XCRemoteSwiftPackageReference "GoogleSignIn-iOS" */,
				1B47E1402A946DE0005C036F /* XCRemoteSwiftPackageReference "AlamofireImage" */,
				1BF7689A2A95937E0095A09C /* XCRemoteSwiftPackageReference "firebase-ios-sdk" */,
				1BECC9242A972ED1008F8C27 /* XCRemoteSwiftPackageReference "RxSwift" */,
				1BECC92A2A972F33008F8C27 /* XCRemoteSwiftPackageReference "RxRealm" */,
				1BECC92D2A974B1E008F8C27 /* XCRemoteSwiftPackageReference "Kingfisher" */,
			);
			productRefGroup = 8D5F12522A93209500ACDAC4 /* Products */;
			projectDirPath = "";
			projectRoot = "";
			targets = (
				8D5F12502A93209500ACDAC4 /* LivePixel */,
			);
		};
/* End PBXProject section */

/* Begin PBXResourcesBuildPhase section */
		8D5F124F2A93209500ACDAC4 /* Resources */ = {
			isa = PBXResourcesBuildPhase;
			buildActionMask = 2147483647;
			files = (
				1B47E13F2A944938005C036F /* Colors.xcassets in Resources */,
				1B47E1472A948319005C036F /* Localizable.strings in Resources */,
				8D5F125C2A93209900ACDAC4 /* Preview Assets.xcassets in Resources */,
				1B47E14B2A948326005C036F /* InfoPlist.strings in Resources */,
				8D5F12592A93209900ACDAC4 /* Assets.xcassets in Resources */,
				8D5F126C2A93264A00ACDAC4 /* GoogleService-Info.plist in Resources */,
			);
			runOnlyForDeploymentPostprocessing = 0;
		};
/* End PBXResourcesBuildPhase section */

/* Begin PBXShellScriptBuildPhase section */
		8D1E60B72A93363700952196 /* ShellScript */ = {
			isa = PBXShellScriptBuildPhase;
			buildActionMask = 2147483647;
			files = (
			);
			inputFileListPaths = (
			);
			inputPaths = (
				"${DWARF_DSYM_FOLDER_PATH}/${DWARF_DSYM_FILE_NAME}/Contents/Resources/DWARF/${TARGET_NAME}",
				"$(SRCROOT)/$(BUILT_PRODUCTS_DIR)/$(INFOPLIST_PATH)",
			);
			outputFileListPaths = (
			);
			outputPaths = (
			);
			runOnlyForDeploymentPostprocessing = 0;
			shellPath = /bin/sh;
			shellScript = "# Type a script or drag a script file from your workspace to insert its path.\n\"${BUILD_DIR%/Build/*}/SourcePackages/checkouts/firebase-ios-sdk/Crashlytics/run\"\n";
		};
/* End PBXShellScriptBuildPhase section */

/* Begin PBXSourcesBuildPhase section */
		8D5F124D2A93209500ACDAC4 /* Sources */ = {
			isa = PBXSourcesBuildPhase;
			buildActionMask = 2147483647;
			files = (
				1B47E1552A958E5B005C036F /* ProfileModel.swift in Sources */,
				1BECC91E2A972A59008F8C27 /* Realm+Extensions.swift in Sources */,
				1BE7609C2A97132100C954E2 /* FSImageView.swift in Sources */,
				1BECC9312A974E9C008F8C27 /* ProfileImageViewForNavigation.swift in Sources */,
				8D1E60B42A93317800952196 /* UIApplication+Extensions.swift in Sources */,
				1B8EC33D2A95CAF600A723D4 /* ProfileEditView.swift in Sources */,
				1B8EC33B2A95B3C700A723D4 /* CanvasView.swift in Sources */,
				1BE7608E2A95F4FC00C954E2 /* FirebaseStorageHelper.swift in Sources */,
				1B02237D2AA05ECB00935F48 /* CanvasInfomationView.swift in Sources */,
				8D5F12572A93209500ACDAC4 /* ContentView.swift in Sources */,
				8D1E60AD2A932F4200952196 /* AuthManager.swift in Sources */,
				8D5F126A2A9324E200ACDAC4 /* Stack.swift in Sources */,
				1BE95B732A9DC7F90056B5DA /* TotalCanvasView.swift in Sources */,
				1BECC9352A9832FE008F8C27 /* FirestorageDownloadUrlCacheModel.swift in Sources */,
				8D5F12552A93209500ACDAC4 /* LivePixelApp.swift in Sources */,
				1BE95B712A9D9BC30056B5DA /* ColorView.swift in Sources */,
				8D5F12652A93240100ACDAC4 /* CanvasModel.swift in Sources */,
				1B0223752A9F0AD200935F48 /* ActivityIndicator.swift in Sources */,
				1BE95B6B2A9C791D0056B5DA /* CGPoint+Extensions.swift in Sources */,
				1BE95B752A9EC17D0056B5DA /* PathFinder.swift in Sources */,
				1B47E1442A946F9A005C036F /* NetImageView.swift in Sources */,
				1B0223732A9F07A200935F48 /* MakeSubjectView.swift in Sources */,
				1B47E1532A9499A5005C036F /* RoundedButton.swift in Sources */,
				8D1E60B62A93342400952196 /* SignInView.swift in Sources */,
				1B0223772A9F0EE600935F48 /* SubjectListView.swift in Sources */,
				1BE7608C2A95F32800C954E2 /* PhotoPicker.swift in Sources */,
				1B47E1502A948BC8005C036F /* Toast.swift in Sources */,
				1BE760982A96E29B00C954E2 /* FirebaseFirestoreHelper.swift in Sources */,
				1B0223792AA0231800935F48 /* UIDevice+Extensions.swift in Sources */,
				1B0223712A9EFD0200935F48 /* SubjectModel.swift in Sources */,
				1BECC93C2A986A0D008F8C27 /* CanvasListView.swift in Sources */,
				1BE760952A96DC1B00C954E2 /* Realm.Object+Extensions.swift in Sources */,
				1B47E13D2A944529005C036F /* AuthorizationButton.swift in Sources */,
				1BECC9332A983013008F8C27 /* HomeView.swift in Sources */,
				1B8EC3392A959B0200A723D4 /* ProfileView.swift in Sources */,
				1B02237B2AA056BA00935F48 /* RoundedLabel.swift in Sources */,
				1BE95B6D2A9C902B0056B5DA /* Color+Extensions.swift in Sources */,
				8D5F12672A93244B00ACDAC4 /* DoteModel.swift in Sources */,
				1BE95B6F2A9D8D950056B5DA /* ColorMixerView.swift in Sources */,
				1BECC9372A986096008F8C27 /* MakeNewCanvasView.swift in Sources */,
			);
			runOnlyForDeploymentPostprocessing = 0;
		};
/* End PBXSourcesBuildPhase section */

/* Begin PBXVariantGroup section */
		1B47E1492A948319005C036F /* Localizable.strings */ = {
			isa = PBXVariantGroup;
			children = (
				1B47E1482A948319005C036F /* en */,
				1B47E14A2A94831F005C036F /* ko */,
			);
			name = Localizable.strings;
			sourceTree = "<group>";
		};
		1B47E14D2A948326005C036F /* InfoPlist.strings */ = {
			isa = PBXVariantGroup;
			children = (
				1B47E14C2A948326005C036F /* en */,
				1B47E14E2A94832A005C036F /* ko */,
			);
			name = InfoPlist.strings;
			sourceTree = "<group>";
		};
/* End PBXVariantGroup section */

/* Begin XCBuildConfiguration section */
		8D5F125D2A93209900ACDAC4 /* Debug */ = {
			isa = XCBuildConfiguration;
			buildSettings = {
				ALWAYS_SEARCH_USER_PATHS = NO;
				CLANG_ANALYZER_NONNULL = YES;
				CLANG_ANALYZER_NUMBER_OBJECT_CONVERSION = YES_AGGRESSIVE;
				CLANG_CXX_LANGUAGE_STANDARD = "gnu++20";
				CLANG_ENABLE_MODULES = YES;
				CLANG_ENABLE_OBJC_ARC = YES;
				CLANG_ENABLE_OBJC_WEAK = YES;
				CLANG_WARN_BLOCK_CAPTURE_AUTORELEASING = YES;
				CLANG_WARN_BOOL_CONVERSION = YES;
				CLANG_WARN_COMMA = YES;
				CLANG_WARN_CONSTANT_CONVERSION = YES;
				CLANG_WARN_DEPRECATED_OBJC_IMPLEMENTATIONS = YES;
				CLANG_WARN_DIRECT_OBJC_ISA_USAGE = YES_ERROR;
				CLANG_WARN_DOCUMENTATION_COMMENTS = YES;
				CLANG_WARN_EMPTY_BODY = YES;
				CLANG_WARN_ENUM_CONVERSION = YES;
				CLANG_WARN_INFINITE_RECURSION = YES;
				CLANG_WARN_INT_CONVERSION = YES;
				CLANG_WARN_NON_LITERAL_NULL_CONVERSION = YES;
				CLANG_WARN_OBJC_IMPLICIT_RETAIN_SELF = YES;
				CLANG_WARN_OBJC_LITERAL_CONVERSION = YES;
				CLANG_WARN_OBJC_ROOT_CLASS = YES_ERROR;
				CLANG_WARN_QUOTED_INCLUDE_IN_FRAMEWORK_HEADER = YES;
				CLANG_WARN_RANGE_LOOP_ANALYSIS = YES;
				CLANG_WARN_STRICT_PROTOTYPES = YES;
				CLANG_WARN_SUSPICIOUS_MOVE = YES;
				CLANG_WARN_UNGUARDED_AVAILABILITY = YES_AGGRESSIVE;
				CLANG_WARN_UNREACHABLE_CODE = YES;
				CLANG_WARN__DUPLICATE_METHOD_MATCH = YES;
				COPY_PHASE_STRIP = NO;
				DEBUG_INFORMATION_FORMAT = dwarf;
				ENABLE_STRICT_OBJC_MSGSEND = YES;
				ENABLE_TESTABILITY = YES;
				GCC_C_LANGUAGE_STANDARD = gnu11;
				GCC_DYNAMIC_NO_PIC = NO;
				GCC_NO_COMMON_BLOCKS = YES;
				GCC_OPTIMIZATION_LEVEL = 0;
				GCC_PREPROCESSOR_DEFINITIONS = (
					"DEBUG=1",
					"$(inherited)",
				);
				GCC_WARN_64_TO_32_BIT_CONVERSION = YES;
				GCC_WARN_ABOUT_RETURN_TYPE = YES_ERROR;
				GCC_WARN_UNDECLARED_SELECTOR = YES;
				GCC_WARN_UNINITIALIZED_AUTOS = YES_AGGRESSIVE;
				GCC_WARN_UNUSED_FUNCTION = YES;
				GCC_WARN_UNUSED_VARIABLE = YES;
				IPHONEOS_DEPLOYMENT_TARGET = 15.0;
				MTL_ENABLE_DEBUG_INFO = INCLUDE_SOURCE;
				MTL_FAST_MATH = YES;
				ONLY_ACTIVE_ARCH = YES;
				SDKROOT = iphoneos;
				SWIFT_ACTIVE_COMPILATION_CONDITIONS = DEBUG;
				SWIFT_OPTIMIZATION_LEVEL = "-Onone";
			};
			name = Debug;
		};
		8D5F125E2A93209900ACDAC4 /* Release */ = {
			isa = XCBuildConfiguration;
			buildSettings = {
				ALWAYS_SEARCH_USER_PATHS = NO;
				CLANG_ANALYZER_NONNULL = YES;
				CLANG_ANALYZER_NUMBER_OBJECT_CONVERSION = YES_AGGRESSIVE;
				CLANG_CXX_LANGUAGE_STANDARD = "gnu++20";
				CLANG_ENABLE_MODULES = YES;
				CLANG_ENABLE_OBJC_ARC = YES;
				CLANG_ENABLE_OBJC_WEAK = YES;
				CLANG_WARN_BLOCK_CAPTURE_AUTORELEASING = YES;
				CLANG_WARN_BOOL_CONVERSION = YES;
				CLANG_WARN_COMMA = YES;
				CLANG_WARN_CONSTANT_CONVERSION = YES;
				CLANG_WARN_DEPRECATED_OBJC_IMPLEMENTATIONS = YES;
				CLANG_WARN_DIRECT_OBJC_ISA_USAGE = YES_ERROR;
				CLANG_WARN_DOCUMENTATION_COMMENTS = YES;
				CLANG_WARN_EMPTY_BODY = YES;
				CLANG_WARN_ENUM_CONVERSION = YES;
				CLANG_WARN_INFINITE_RECURSION = YES;
				CLANG_WARN_INT_CONVERSION = YES;
				CLANG_WARN_NON_LITERAL_NULL_CONVERSION = YES;
				CLANG_WARN_OBJC_IMPLICIT_RETAIN_SELF = YES;
				CLANG_WARN_OBJC_LITERAL_CONVERSION = YES;
				CLANG_WARN_OBJC_ROOT_CLASS = YES_ERROR;
				CLANG_WARN_QUOTED_INCLUDE_IN_FRAMEWORK_HEADER = YES;
				CLANG_WARN_RANGE_LOOP_ANALYSIS = YES;
				CLANG_WARN_STRICT_PROTOTYPES = YES;
				CLANG_WARN_SUSPICIOUS_MOVE = YES;
				CLANG_WARN_UNGUARDED_AVAILABILITY = YES_AGGRESSIVE;
				CLANG_WARN_UNREACHABLE_CODE = YES;
				CLANG_WARN__DUPLICATE_METHOD_MATCH = YES;
				COPY_PHASE_STRIP = NO;
				DEBUG_INFORMATION_FORMAT = "dwarf-with-dsym";
				ENABLE_NS_ASSERTIONS = NO;
				ENABLE_STRICT_OBJC_MSGSEND = YES;
				GCC_C_LANGUAGE_STANDARD = gnu11;
				GCC_NO_COMMON_BLOCKS = YES;
				GCC_WARN_64_TO_32_BIT_CONVERSION = YES;
				GCC_WARN_ABOUT_RETURN_TYPE = YES_ERROR;
				GCC_WARN_UNDECLARED_SELECTOR = YES;
				GCC_WARN_UNINITIALIZED_AUTOS = YES_AGGRESSIVE;
				GCC_WARN_UNUSED_FUNCTION = YES;
				GCC_WARN_UNUSED_VARIABLE = YES;
				IPHONEOS_DEPLOYMENT_TARGET = 15.0;
				MTL_ENABLE_DEBUG_INFO = NO;
				MTL_FAST_MATH = YES;
				SDKROOT = iphoneos;
				SWIFT_COMPILATION_MODE = wholemodule;
				SWIFT_OPTIMIZATION_LEVEL = "-O";
				VALIDATE_PRODUCT = YES;
			};
			name = Release;
		};
		8D5F12602A93209900ACDAC4 /* Debug */ = {
			isa = XCBuildConfiguration;
			buildSettings = {
				ASSETCATALOG_COMPILER_APPICON_NAME = AppIcon;
				ASSETCATALOG_COMPILER_GLOBAL_ACCENT_COLOR_NAME = AccentColor;
				CODE_SIGN_ENTITLEMENTS = LivePixel/LivePixel.entitlements;
				CODE_SIGN_STYLE = Automatic;
				CURRENT_PROJECT_VERSION = 1;
				DEBUG_INFORMATION_FORMAT = "dwarf-with-dsym";
				DEVELOPMENT_ASSET_PATHS = "\"LivePixel/Preview Content\"";
				DEVELOPMENT_TEAM = QU9EPTU238;
				ENABLE_PREVIEWS = YES;
				GENERATE_INFOPLIST_FILE = YES;
				INFOPLIST_FILE = LivePixel/Info.plist;
				INFOPLIST_KEY_LSApplicationCategoryType = "public.app-category.graphics-design";
				INFOPLIST_KEY_NSPhotoLibraryUsageDescription = "upload photo";
				INFOPLIST_KEY_UIApplicationSceneManifest_Generation = YES;
				INFOPLIST_KEY_UIApplicationSupportsIndirectInputEvents = YES;
				INFOPLIST_KEY_UILaunchScreen_Generation = YES;
				INFOPLIST_KEY_UISupportedInterfaceOrientations_iPad = "UIInterfaceOrientationPortrait UIInterfaceOrientationPortraitUpsideDown UIInterfaceOrientationLandscapeLeft UIInterfaceOrientationLandscapeRight";
				INFOPLIST_KEY_UISupportedInterfaceOrientations_iPhone = "UIInterfaceOrientationPortrait UIInterfaceOrientationLandscapeLeft UIInterfaceOrientationLandscapeRight";
				IPHONEOS_DEPLOYMENT_TARGET = 16.0;
				LD_RUNPATH_SEARCH_PATHS = (
					"$(inherited)",
					"@executable_path/Frameworks",
				);
				MARKETING_VERSION = 1.0;
				PRODUCT_BUNDLE_IDENTIFIER = net.kongbaguni.LivePixel;
				PRODUCT_NAME = "$(TARGET_NAME)";
				SWIFT_EMIT_LOC_STRINGS = YES;
				SWIFT_VERSION = 5.0;
				TARGETED_DEVICE_FAMILY = "1,2";
			};
			name = Debug;
		};
		8D5F12612A93209900ACDAC4 /* Release */ = {
			isa = XCBuildConfiguration;
			buildSettings = {
				ASSETCATALOG_COMPILER_APPICON_NAME = AppIcon;
				ASSETCATALOG_COMPILER_GLOBAL_ACCENT_COLOR_NAME = AccentColor;
				CODE_SIGN_ENTITLEMENTS = LivePixel/LivePixel.entitlements;
				CODE_SIGN_STYLE = Automatic;
				CURRENT_PROJECT_VERSION = 1;
				DEVELOPMENT_ASSET_PATHS = "\"LivePixel/Preview Content\"";
				DEVELOPMENT_TEAM = QU9EPTU238;
				ENABLE_PREVIEWS = YES;
				GENERATE_INFOPLIST_FILE = YES;
				INFOPLIST_FILE = LivePixel/Info.plist;
				INFOPLIST_KEY_LSApplicationCategoryType = "public.app-category.graphics-design";
				INFOPLIST_KEY_NSPhotoLibraryUsageDescription = "upload photo";
				INFOPLIST_KEY_UIApplicationSceneManifest_Generation = YES;
				INFOPLIST_KEY_UIApplicationSupportsIndirectInputEvents = YES;
				INFOPLIST_KEY_UILaunchScreen_Generation = YES;
				INFOPLIST_KEY_UISupportedInterfaceOrientations_iPad = "UIInterfaceOrientationPortrait UIInterfaceOrientationPortraitUpsideDown UIInterfaceOrientationLandscapeLeft UIInterfaceOrientationLandscapeRight";
				INFOPLIST_KEY_UISupportedInterfaceOrientations_iPhone = "UIInterfaceOrientationPortrait UIInterfaceOrientationLandscapeLeft UIInterfaceOrientationLandscapeRight";
				IPHONEOS_DEPLOYMENT_TARGET = 16.0;
				LD_RUNPATH_SEARCH_PATHS = (
					"$(inherited)",
					"@executable_path/Frameworks",
				);
				MARKETING_VERSION = 1.0;
				PRODUCT_BUNDLE_IDENTIFIER = net.kongbaguni.LivePixel;
				PRODUCT_NAME = "$(TARGET_NAME)";
				SWIFT_EMIT_LOC_STRINGS = YES;
				SWIFT_VERSION = 5.0;
				TARGETED_DEVICE_FAMILY = "1,2";
			};
			name = Release;
		};
/* End XCBuildConfiguration section */

/* Begin XCConfigurationList section */
		8D5F124C2A93209500ACDAC4 /* Build configuration list for PBXProject "LivePixel" */ = {
			isa = XCConfigurationList;
			buildConfigurations = (
				8D5F125D2A93209900ACDAC4 /* Debug */,
				8D5F125E2A93209900ACDAC4 /* Release */,
			);
			defaultConfigurationIsVisible = 0;
			defaultConfigurationName = Release;
		};
		8D5F125F2A93209900ACDAC4 /* Build configuration list for PBXNativeTarget "LivePixel" */ = {
			isa = XCConfigurationList;
			buildConfigurations = (
				8D5F12602A93209900ACDAC4 /* Debug */,
				8D5F12612A93209900ACDAC4 /* Release */,
			);
			defaultConfigurationIsVisible = 0;
			defaultConfigurationName = Release;
		};
/* End XCConfigurationList section */

/* Begin XCRemoteSwiftPackageReference section */
		1B47E1402A946DE0005C036F /* XCRemoteSwiftPackageReference "AlamofireImage" */ = {
			isa = XCRemoteSwiftPackageReference;
			repositoryURL = "https://github.com/Alamofire/AlamofireImage.git";
			requirement = {
				kind = upToNextMajorVersion;
				minimumVersion = 4.0.0;
			};
		};
		1BECC9242A972ED1008F8C27 /* XCRemoteSwiftPackageReference "RxSwift" */ = {
			isa = XCRemoteSwiftPackageReference;
			repositoryURL = "https://github.com/ReactiveX/RxSwift.git";
			requirement = {
				kind = upToNextMajorVersion;
				minimumVersion = 6.0.0;
			};
		};
		1BECC92A2A972F33008F8C27 /* XCRemoteSwiftPackageReference "RxRealm" */ = {
			isa = XCRemoteSwiftPackageReference;
			repositoryURL = "https://github.com/RxSwiftCommunity/RxRealm.git";
			requirement = {
				branch = main;
				kind = branch;
			};
		};
		1BECC92D2A974B1E008F8C27 /* XCRemoteSwiftPackageReference "Kingfisher" */ = {
			isa = XCRemoteSwiftPackageReference;
			repositoryURL = "https://github.com/onevcat/Kingfisher";
			requirement = {
				kind = upToNextMajorVersion;
				minimumVersion = 7.0.0;
			};
		};
		1BF7689A2A95937E0095A09C /* XCRemoteSwiftPackageReference "firebase-ios-sdk" */ = {
			isa = XCRemoteSwiftPackageReference;
			repositoryURL = "https://github.com/firebase/firebase-ios-sdk";
			requirement = {
				kind = upToNextMajorVersion;
				minimumVersion = 10.0.0;
			};
		};
		8D1E60AE2A932FC300952196 /* XCRemoteSwiftPackageReference "GoogleSignIn-iOS" */ = {
			isa = XCRemoteSwiftPackageReference;
			repositoryURL = "https://github.com/google/GoogleSignIn-iOS.git";
			requirement = {
				branch = main;
				kind = branch;
			};
		};
/* End XCRemoteSwiftPackageReference section */

/* Begin XCSwiftPackageProductDependency section */
		1B47E1412A946DE0005C036F /* AlamofireImage */ = {
			isa = XCSwiftPackageProductDependency;
			package = 1B47E1402A946DE0005C036F /* XCRemoteSwiftPackageReference "AlamofireImage" */;
			productName = AlamofireImage;
		};
		1BECC9252A972ED1008F8C27 /* RxCocoa */ = {
			isa = XCSwiftPackageProductDependency;
			package = 1BECC9242A972ED1008F8C27 /* XCRemoteSwiftPackageReference "RxSwift" */;
			productName = RxCocoa;
		};
		1BECC9272A972ED1008F8C27 /* RxSwift */ = {
			isa = XCSwiftPackageProductDependency;
			package = 1BECC9242A972ED1008F8C27 /* XCRemoteSwiftPackageReference "RxSwift" */;
			productName = RxSwift;
		};
		1BECC92B2A972F33008F8C27 /* RxRealm */ = {
			isa = XCSwiftPackageProductDependency;
			package = 1BECC92A2A972F33008F8C27 /* XCRemoteSwiftPackageReference "RxRealm" */;
			productName = RxRealm;
		};
		1BECC92E2A974B1E008F8C27 /* Kingfisher */ = {
			isa = XCSwiftPackageProductDependency;
			package = 1BECC92D2A974B1E008F8C27 /* XCRemoteSwiftPackageReference "Kingfisher" */;
			productName = Kingfisher;
		};
		1BF7689B2A95937E0095A09C /* FirebaseAnalytics */ = {
			isa = XCSwiftPackageProductDependency;
			package = 1BF7689A2A95937E0095A09C /* XCRemoteSwiftPackageReference "firebase-ios-sdk" */;
			productName = FirebaseAnalytics;
		};
		1BF7689D2A95937E0095A09C /* FirebaseAnalyticsOnDeviceConversion */ = {
			isa = XCSwiftPackageProductDependency;
			package = 1BF7689A2A95937E0095A09C /* XCRemoteSwiftPackageReference "firebase-ios-sdk" */;
			productName = FirebaseAnalyticsOnDeviceConversion;
		};
		1BF7689F2A95937E0095A09C /* FirebaseAnalyticsSwift */ = {
			isa = XCSwiftPackageProductDependency;
			package = 1BF7689A2A95937E0095A09C /* XCRemoteSwiftPackageReference "firebase-ios-sdk" */;
			productName = FirebaseAnalyticsSwift;
		};
		1BF768A12A95937E0095A09C /* FirebaseAnalyticsWithoutAdIdSupport */ = {
			isa = XCSwiftPackageProductDependency;
			package = 1BF7689A2A95937E0095A09C /* XCRemoteSwiftPackageReference "firebase-ios-sdk" */;
			productName = FirebaseAnalyticsWithoutAdIdSupport;
		};
		1BF768A32A95937E0095A09C /* FirebaseAppCheck */ = {
			isa = XCSwiftPackageProductDependency;
			package = 1BF7689A2A95937E0095A09C /* XCRemoteSwiftPackageReference "firebase-ios-sdk" */;
			productName = FirebaseAppCheck;
		};
		1BF768A52A95937E0095A09C /* FirebaseAppDistribution-Beta */ = {
			isa = XCSwiftPackageProductDependency;
			package = 1BF7689A2A95937E0095A09C /* XCRemoteSwiftPackageReference "firebase-ios-sdk" */;
			productName = "FirebaseAppDistribution-Beta";
		};
		1BF768A72A95937E0095A09C /* FirebaseAuth */ = {
			isa = XCSwiftPackageProductDependency;
			package = 1BF7689A2A95937E0095A09C /* XCRemoteSwiftPackageReference "firebase-ios-sdk" */;
			productName = FirebaseAuth;
		};
		1BF768A92A95937E0095A09C /* FirebaseAuthCombine-Community */ = {
			isa = XCSwiftPackageProductDependency;
			package = 1BF7689A2A95937E0095A09C /* XCRemoteSwiftPackageReference "firebase-ios-sdk" */;
			productName = "FirebaseAuthCombine-Community";
		};
		1BF768AB2A95937E0095A09C /* FirebaseCrashlytics */ = {
			isa = XCSwiftPackageProductDependency;
			package = 1BF7689A2A95937E0095A09C /* XCRemoteSwiftPackageReference "firebase-ios-sdk" */;
			productName = FirebaseCrashlytics;
		};
		1BF768AD2A95937E0095A09C /* FirebaseDatabase */ = {
			isa = XCSwiftPackageProductDependency;
			package = 1BF7689A2A95937E0095A09C /* XCRemoteSwiftPackageReference "firebase-ios-sdk" */;
			productName = FirebaseDatabase;
		};
		1BF768AF2A95937E0095A09C /* FirebaseDatabaseSwift */ = {
			isa = XCSwiftPackageProductDependency;
			package = 1BF7689A2A95937E0095A09C /* XCRemoteSwiftPackageReference "firebase-ios-sdk" */;
			productName = FirebaseDatabaseSwift;
		};
		1BF768B12A95937E0095A09C /* FirebaseDynamicLinks */ = {
			isa = XCSwiftPackageProductDependency;
			package = 1BF7689A2A95937E0095A09C /* XCRemoteSwiftPackageReference "firebase-ios-sdk" */;
			productName = FirebaseDynamicLinks;
		};
		1BF768B32A95937E0095A09C /* FirebaseFirestore */ = {
			isa = XCSwiftPackageProductDependency;
			package = 1BF7689A2A95937E0095A09C /* XCRemoteSwiftPackageReference "firebase-ios-sdk" */;
			productName = FirebaseFirestore;
		};
		1BF768B52A95937E0095A09C /* FirebaseFirestoreCombine-Community */ = {
			isa = XCSwiftPackageProductDependency;
			package = 1BF7689A2A95937E0095A09C /* XCRemoteSwiftPackageReference "firebase-ios-sdk" */;
			productName = "FirebaseFirestoreCombine-Community";
		};
		1BF768B72A95937E0095A09C /* FirebaseFirestoreSwift */ = {
			isa = XCSwiftPackageProductDependency;
			package = 1BF7689A2A95937E0095A09C /* XCRemoteSwiftPackageReference "firebase-ios-sdk" */;
			productName = FirebaseFirestoreSwift;
		};
		1BF768B92A95937E0095A09C /* FirebaseFunctions */ = {
			isa = XCSwiftPackageProductDependency;
			package = 1BF7689A2A95937E0095A09C /* XCRemoteSwiftPackageReference "firebase-ios-sdk" */;
			productName = FirebaseFunctions;
		};
		1BF768BB2A95937E0095A09C /* FirebaseFunctionsCombine-Community */ = {
			isa = XCSwiftPackageProductDependency;
			package = 1BF7689A2A95937E0095A09C /* XCRemoteSwiftPackageReference "firebase-ios-sdk" */;
			productName = "FirebaseFunctionsCombine-Community";
		};
		1BF768BD2A95937E0095A09C /* FirebaseInAppMessaging-Beta */ = {
			isa = XCSwiftPackageProductDependency;
			package = 1BF7689A2A95937E0095A09C /* XCRemoteSwiftPackageReference "firebase-ios-sdk" */;
			productName = "FirebaseInAppMessaging-Beta";
		};
		1BF768BF2A95937E0095A09C /* FirebaseInAppMessagingSwift-Beta */ = {
			isa = XCSwiftPackageProductDependency;
			package = 1BF7689A2A95937E0095A09C /* XCRemoteSwiftPackageReference "firebase-ios-sdk" */;
			productName = "FirebaseInAppMessagingSwift-Beta";
		};
		1BF768C12A95937E0095A09C /* FirebaseInstallations */ = {
			isa = XCSwiftPackageProductDependency;
			package = 1BF7689A2A95937E0095A09C /* XCRemoteSwiftPackageReference "firebase-ios-sdk" */;
			productName = FirebaseInstallations;
		};
		1BF768C32A95937E0095A09C /* FirebaseMLModelDownloader */ = {
			isa = XCSwiftPackageProductDependency;
			package = 1BF7689A2A95937E0095A09C /* XCRemoteSwiftPackageReference "firebase-ios-sdk" */;
			productName = FirebaseMLModelDownloader;
		};
		1BF768C52A95937E0095A09C /* FirebaseMessaging */ = {
			isa = XCSwiftPackageProductDependency;
			package = 1BF7689A2A95937E0095A09C /* XCRemoteSwiftPackageReference "firebase-ios-sdk" */;
			productName = FirebaseMessaging;
		};
		1BF768C72A95937E0095A09C /* FirebasePerformance */ = {
			isa = XCSwiftPackageProductDependency;
			package = 1BF7689A2A95937E0095A09C /* XCRemoteSwiftPackageReference "firebase-ios-sdk" */;
			productName = FirebasePerformance;
		};
		1BF768C92A95937E0095A09C /* FirebaseRemoteConfig */ = {
			isa = XCSwiftPackageProductDependency;
			package = 1BF7689A2A95937E0095A09C /* XCRemoteSwiftPackageReference "firebase-ios-sdk" */;
			productName = FirebaseRemoteConfig;
		};
		1BF768CB2A95937E0095A09C /* FirebaseRemoteConfigSwift */ = {
			isa = XCSwiftPackageProductDependency;
			package = 1BF7689A2A95937E0095A09C /* XCRemoteSwiftPackageReference "firebase-ios-sdk" */;
			productName = FirebaseRemoteConfigSwift;
		};
		1BF768CD2A95937E0095A09C /* FirebaseStorage */ = {
			isa = XCSwiftPackageProductDependency;
			package = 1BF7689A2A95937E0095A09C /* XCRemoteSwiftPackageReference "firebase-ios-sdk" */;
			productName = FirebaseStorage;
		};
		1BF768CF2A95937E0095A09C /* FirebaseStorageCombine-Community */ = {
			isa = XCSwiftPackageProductDependency;
			package = 1BF7689A2A95937E0095A09C /* XCRemoteSwiftPackageReference "firebase-ios-sdk" */;
			productName = "FirebaseStorageCombine-Community";
		};
		8D1E60AF2A932FC300952196 /* GoogleSignIn */ = {
			isa = XCSwiftPackageProductDependency;
			package = 8D1E60AE2A932FC300952196 /* XCRemoteSwiftPackageReference "GoogleSignIn-iOS" */;
			productName = GoogleSignIn;
		};
		8D1E60B12A932FC300952196 /* GoogleSignInSwift */ = {
			isa = XCSwiftPackageProductDependency;
			package = 8D1E60AE2A932FC300952196 /* XCRemoteSwiftPackageReference "GoogleSignIn-iOS" */;
			productName = GoogleSignInSwift;
		};
/* End XCSwiftPackageProductDependency section */
	};
	rootObject = 8D5F12492A93209500ACDAC4 /* Project object */;
}
